{
  "version": 4,
  "terraform_version": "1.12.2",
  "serial": 187,
  "lineage": "c5c1db6e-1a5e-fb1a-5eab-c7d64b4b1b2b",
  "outputs": {},
  "resources": [
    {
      "mode": "managed",
      "type": "proxmox_lxc",
      "name": "fw1",
      "provider": "provider[\"registry.terraform.io/telmate/proxmox\"]",
      "instances": [
        {
          "schema_version": 0,
          "attributes": {
            "arch": "amd64",
            "bwlimit": 0,
            "clone": null,
            "clone_storage": null,
            "cmode": "tty",
            "console": true,
            "cores": 1,
            "cpulimit": 0,
            "cpuunits": 1024,
            "current_node": "node01",
            "description": "",
            "features": [
              {
                "fuse": false,
                "keyctl": false,
                "mknod": false,
                "mount": "",
                "nesting": true
              }
            ],
            "force": false,
            "full": null,
            "hagroup": "",
            "hastate": "",
            "hookscript": "",
            "hostname": "fw1",
            "id": "node01/lxc/201",
            "ignore_unpack_errors": false,
            "lock": "",
            "memory": 1024,
            "mountpoint": [],
            "nameserver": "192.168.40.10",
            "network": [
              {
                "bridge": "vmbr5",
                "firewall": true,
                "gw": "172.32.16.1",
                "gw6": "",
                "hwaddr": "BC:24:11:A5:92:CC",
                "id": 0,
                "ip": "172.32.16.20/24",
                "ip6": "",
                "mtu": 0,
                "name": "eth0",
                "rate": 0,
                "tag": 0,
                "trunks": "",
                "type": "veth"
              },
              {
                "bridge": "vmbr0",
                "firewall": true,
                "gw": "",
                "gw6": "",
                "hwaddr": "BC:24:11:60:9F:CC",
                "id": 1,
                "ip": "192.168.40.3/24",
                "ip6": "",
                "mtu": 0,
                "name": "eth1",
                "rate": 0,
                "tag": 0,
                "trunks": "",
                "type": "veth"
              }
            ],
            "onboot": true,
            "ostemplate": "local:vztmpl/debian-13-standard_13.1-2_amd64.tar.zst",
            "ostype": "debian",
            "password": null,
            "pool": null,
            "protection": false,
            "restore": false,
            "rootfs": [
              {
                "acl": false,
                "quota": false,
                "replicate": false,
                "ro": false,
                "shared": false,
                "size": "5G",
                "storage": "local-lvm",
                "volume": "local-lvm:vm-201-disk-0"
              }
            ],
            "searchdomain": "dpvhab.cu",
            "ssh_public_keys": "ssh-rsa AAAAB3NzaC1yc2EAAAADAQABAAABgQCm97/EI/9tcNeVs3acOJTHpQ168QmQnOSJwR2E5ObhszS/aPEcbWEtHP8J5Hs3eTEZhiYBWMlb8+DWv3s4jR0KVb/Hxqvn0gf4oG4o+MYL+Tn3Cmc1FEk86qjJ3DDvu4JD2JdV9RuvPNGVQmRXDtRP6ALq/cAeD3BANm7Liv3/98u2aLK/5CTsW43kEKb/s3JfiumOIhXXCX8el2mdlaWlMOPRKKHU867gHBBKPx5WDzA/NQN765t6/RnoxrdCwn2TrkxMYE9lO7mnpnNW5w1pQnv4e6ljOBBDilss66PhSb29WCIQyD7aOx4aoBJ6qzFp3O99y2d3NvdTqpwR45JK8bEGeJwYoETK54U0IxtBRzniEFgFCX8HGolfsdzrpR2KIf/+vFx0e0bGb5LIeUsIWRWRiLvTquMTIfwmpyFHEFBALyWd+AqUtJ4oXRq/k0VmdB3TRn4ZkzwXZxPfSxOSt5AqQizIYrRrLpveLe40yZcYo1AOjs6j87A4FPzAVN8= ppcojo@G9DH1",
            "start": true,
            "startup": "",
            "swap": 1024,
            "tags": "",
            "target_node": "node01",
            "template": false,
            "timeouts": null,
            "tty": 2,
            "unique": false,
            "unprivileged": true,
            "unused": [],
            "vmid": 201
          },
          "sensitive_attributes": [
            [
              {
                "type": "get_attr",
                "value": "password"
              }
            ],
            [
              {
                "type": "get_attr",
                "value": "ssh_public_keys"
              }
            ]
          ],
          "identity_schema_version": 0,
          "private": "eyJlMmJmYjczMC1lY2FhLTExZTYtOGY4OC0zNDM2M2JjN2M0YzAiOnsiY3JlYXRlIjoxMjAwMDAwMDAwMDAwLCJkZWZhdWx0IjoxMjAwMDAwMDAwMDAwLCJkZWxldGUiOjEyMDAwMDAwMDAwMDAsInJlYWQiOjEyMDAwMDAwMDAwMDAsInVwZGF0ZSI6MTIwMDAwMDAwMDAwMH19"
        }
      ]
    },
    {
      "mode": "managed",
      "type": "proxmox_lxc",
      "name": "fw2",
      "provider": "provider[\"registry.terraform.io/telmate/proxmox\"]",
      "instances": [
        {
          "schema_version": 0,
          "attributes": {
            "arch": "amd64",
            "bwlimit": 0,
            "clone": null,
            "clone_storage": null,
            "cmode": "tty",
            "console": true,
            "cores": 1,
            "cpulimit": 0,
            "cpuunits": 1024,
            "current_node": "node01",
            "description": "",
            "features": [
              {
                "fuse": false,
                "keyctl": false,
                "mknod": false,
                "mount": "",
                "nesting": true
              }
            ],
            "force": false,
            "full": null,
            "hagroup": "",
            "hastate": "",
            "hookscript": "",
            "hostname": "fw2",
            "id": "node01/lxc/202",
            "ignore_unpack_errors": false,
            "lock": "",
            "memory": 1024,
            "mountpoint": [],
            "nameserver": "192.168.40.10",
            "network": [
              {
                "bridge": "vmbr4",
                "firewall": true,
                "gw": "190.6.78.49",
                "gw6": "",
                "hwaddr": "BC:24:11:FE:5A:4B",
                "id": 0,
                "ip": "190.6.78.50/29",
                "ip6": "",
                "mtu": 0,
                "name": "eth0",
                "rate": 0,
                "tag": 0,
                "trunks": "",
                "type": "veth"
              },
              {
                "bridge": "vmbr4",
                "firewall": true,
                "gw": "",
                "gw6": "",
                "hwaddr": "BC:24:11:0C:A3:F2",
                "id": 1,
                "ip": "190.6.78.51/29",
                "ip6": "",
                "mtu": 0,
                "name": "eth1",
                "rate": 0,
                "tag": 0,
                "trunks": "",
                "type": "veth"
              },
              {
                "bridge": "vmbr4",
                "firewall": true,
                "gw": "",
                "gw6": "",
                "hwaddr": "BC:24:11:71:D1:7B",
                "id": 2,
                "ip": "190.6.78.52/29",
                "ip6": "",
                "mtu": 0,
                "name": "eth2",
                "rate": 0,
                "tag": 0,
                "trunks": "",
                "type": "veth"
              },
              {
                "bridge": "vmbr4",
                "firewall": true,
                "gw": "",
                "gw6": "",
                "hwaddr": "BC:24:11:A8:81:3B",
                "id": 3,
                "ip": "190.6.78.53/29",
                "ip6": "",
                "mtu": 0,
                "name": "eth3",
                "rate": 0,
                "tag": 0,
                "trunks": "",
                "type": "veth"
              },
              {
                "bridge": "vmbr4",
                "firewall": true,
                "gw": "",
                "gw6": "",
                "hwaddr": "BC:24:11:62:8D:3F",
                "id": 4,
                "ip": "190.6.78.54/29",
                "ip6": "",
                "mtu": 0,
                "name": "eth4",
                "rate": 0,
                "tag": 0,
                "trunks": "",
                "type": "veth"
              },
              {
                "bridge": "vmbr0",
                "firewall": true,
                "gw": "",
                "gw6": "",
                "hwaddr": "BC:24:11:C5:05:0A",
                "id": 5,
                "ip": "192.168.40.1/24",
                "ip6": "",
                "mtu": 0,
                "name": "eth5",
                "rate": 0,
                "tag": 0,
                "trunks": "",
                "type": "veth"
              }
            ],
            "onboot": true,
            "ostemplate": "local:vztmpl/debian-13-standard_13.1-2_amd64.tar.zst",
            "ostype": "debian",
            "password": null,
            "pool": null,
            "protection": false,
            "restore": false,
            "rootfs": [
              {
                "acl": false,
                "quota": false,
                "replicate": false,
                "ro": false,
                "shared": false,
                "size": "5G",
                "storage": "local-lvm",
                "volume": "local-lvm:vm-202-disk-0"
              }
            ],
            "searchdomain": "dpvhab.cu",
            "ssh_public_keys": "ssh-rsa AAAAB3NzaC1yc2EAAAADAQABAAABgQCm97/EI/9tcNeVs3acOJTHpQ168QmQnOSJwR2E5ObhszS/aPEcbWEtHP8J5Hs3eTEZhiYBWMlb8+DWv3s4jR0KVb/Hxqvn0gf4oG4o+MYL+Tn3Cmc1FEk86qjJ3DDvu4JD2JdV9RuvPNGVQmRXDtRP6ALq/cAeD3BANm7Liv3/98u2aLK/5CTsW43kEKb/s3JfiumOIhXXCX8el2mdlaWlMOPRKKHU867gHBBKPx5WDzA/NQN765t6/RnoxrdCwn2TrkxMYE9lO7mnpnNW5w1pQnv4e6ljOBBDilss66PhSb29WCIQyD7aOx4aoBJ6qzFp3O99y2d3NvdTqpwR45JK8bEGeJwYoETK54U0IxtBRzniEFgFCX8HGolfsdzrpR2KIf/+vFx0e0bGb5LIeUsIWRWRiLvTquMTIfwmpyFHEFBALyWd+AqUtJ4oXRq/k0VmdB3TRn4ZkzwXZxPfSxOSt5AqQizIYrRrLpveLe40yZcYo1AOjs6j87A4FPzAVN8= ppcojo@G9DH1",
            "start": true,
            "startup": "",
            "swap": 1024,
            "tags": "",
            "target_node": "node01",
            "template": false,
            "timeouts": null,
            "tty": 2,
            "unique": false,
            "unprivileged": true,
            "unused": [],
            "vmid": 202
          },
          "sensitive_attributes": [
            [
              {
                "type": "get_attr",
                "value": "password"
              }
            ],
            [
              {
                "type": "get_attr",
                "value": "ssh_public_keys"
              }
            ]
          ],
          "identity_schema_version": 0,
          "private": "eyJlMmJmYjczMC1lY2FhLTExZTYtOGY4OC0zNDM2M2JjN2M0YzAiOnsiY3JlYXRlIjoxMjAwMDAwMDAwMDAwLCJkZWZhdWx0IjoxMjAwMDAwMDAwMDAwLCJkZWxldGUiOjEyMDAwMDAwMDAwMDAsInJlYWQiOjEyMDAwMDAwMDAwMDAsInVwZGF0ZSI6MTIwMDAwMDAwMDAwMH19"
        }
      ]
    },
    {
      "mode": "managed",
      "type": "proxmox_lxc",
      "name": "fw3",
      "provider": "provider[\"registry.terraform.io/telmate/proxmox\"]",
      "instances": [
        {
          "schema_version": 0,
          "attributes": {
            "arch": "amd64",
            "bwlimit": 0,
            "clone": null,
            "clone_storage": null,
            "cmode": "tty",
            "console": true,
            "cores": 1,
            "cpulimit": 0,
            "cpuunits": 1024,
            "current_node": "node01",
            "description": "",
            "features": [
              {
                "fuse": false,
                "keyctl": false,
                "mknod": false,
                "mount": "",
                "nesting": true
              }
            ],
            "force": false,
            "full": null,
            "hagroup": "",
            "hastate": "",
            "hookscript": "",
            "hostname": "fw3",
            "id": "node01/lxc/203",
            "ignore_unpack_errors": false,
            "lock": "",
            "memory": 1024,
            "mountpoint": [],
            "nameserver": "192.168.40.10",
            "network": [
              {
                "bridge": "vmbr3",
                "firewall": true,
                "gw": "190.6.67.1",
                "gw6": "",
                "hwaddr": "BC:24:11:03:E5:C3",
                "id": 0,
                "ip": "190.6.67.2/29",
                "ip6": "",
                "mtu": 0,
                "name": "eth0",
                "rate": 0,
                "tag": 0,
                "trunks": "",
                "type": "veth"
              },
              {
                "bridge": "vmbr3",
                "firewall": true,
                "gw": "",
                "gw6": "",
                "hwaddr": "BC:24:11:62:1A:DB",
                "id": 1,
                "ip": "190.6.67.3/29",
                "ip6": "",
                "mtu": 0,
                "name": "eth1",
                "rate": 0,
                "tag": 0,
                "trunks": "",
                "type": "veth"
              },
              {
                "bridge": "vmbr3",
                "firewall": true,
                "gw": "",
                "gw6": "",
                "hwaddr": "BC:24:11:50:B5:4F",
                "id": 2,
                "ip": "190.6.67.4/29",
                "ip6": "",
                "mtu": 0,
                "name": "eth2",
                "rate": 0,
                "tag": 0,
                "trunks": "",
                "type": "veth"
              },
              {
                "bridge": "vmbr3",
                "firewall": true,
                "gw": "",
                "gw6": "",
                "hwaddr": "BC:24:11:45:08:CE",
                "id": 3,
                "ip": "190.6.67.5/29",
                "ip6": "",
                "mtu": 0,
                "name": "eth3",
                "rate": 0,
                "tag": 0,
                "trunks": "",
                "type": "veth"
              },
              {
                "bridge": "vmbr3",
                "firewall": true,
                "gw": "",
                "gw6": "",
                "hwaddr": "BC:24:11:93:AE:4E",
                "id": 4,
                "ip": "190.6.67.6/29",
                "ip6": "",
                "mtu": 0,
                "name": "eth4",
                "rate": 0,
                "tag": 0,
                "trunks": "",
                "type": "veth"
              },
              {
                "bridge": "vmbr0",
                "firewall": true,
                "gw": "",
                "gw6": "",
                "hwaddr": "BC:24:11:54:F7:C2",
                "id": 5,
                "ip": "192.168.40.2/24",
                "ip6": "",
                "mtu": 0,
                "name": "eth5",
                "rate": 0,
                "tag": 0,
                "trunks": "",
                "type": "veth"
              }
            ],
            "onboot": true,
            "ostemplate": "local:vztmpl/debian-13-standard_13.1-2_amd64.tar.zst",
            "ostype": "debian",
            "password": null,
            "pool": null,
            "protection": false,
            "restore": false,
            "rootfs": [
              {
                "acl": false,
                "quota": false,
                "replicate": false,
                "ro": false,
                "shared": false,
                "size": "5G",
                "storage": "local-lvm",
                "volume": "local-lvm:vm-203-disk-0"
              }
            ],
            "searchdomain": "dpvhab.cu",
            "ssh_public_keys": "ssh-rsa AAAAB3NzaC1yc2EAAAADAQABAAABgQCm97/EI/9tcNeVs3acOJTHpQ168QmQnOSJwR2E5ObhszS/aPEcbWEtHP8J5Hs3eTEZhiYBWMlb8+DWv3s4jR0KVb/Hxqvn0gf4oG4o+MYL+Tn3Cmc1FEk86qjJ3DDvu4JD2JdV9RuvPNGVQmRXDtRP6ALq/cAeD3BANm7Liv3/98u2aLK/5CTsW43kEKb/s3JfiumOIhXXCX8el2mdlaWlMOPRKKHU867gHBBKPx5WDzA/NQN765t6/RnoxrdCwn2TrkxMYE9lO7mnpnNW5w1pQnv4e6ljOBBDilss66PhSb29WCIQyD7aOx4aoBJ6qzFp3O99y2d3NvdTqpwR45JK8bEGeJwYoETK54U0IxtBRzniEFgFCX8HGolfsdzrpR2KIf/+vFx0e0bGb5LIeUsIWRWRiLvTquMTIfwmpyFHEFBALyWd+AqUtJ4oXRq/k0VmdB3TRn4ZkzwXZxPfSxOSt5AqQizIYrRrLpveLe40yZcYo1AOjs6j87A4FPzAVN8= ppcojo@G9DH1",
            "start": true,
            "startup": "",
            "swap": 1024,
            "tags": "",
            "target_node": "node01",
            "template": false,
            "timeouts": null,
            "tty": 2,
            "unique": false,
            "unprivileged": true,
            "unused": [],
            "vmid": 203
          },
          "sensitive_attributes": [
            [
              {
                "type": "get_attr",
                "value": "password"
              }
            ],
            [
              {
                "type": "get_attr",
                "value": "ssh_public_keys"
              }
            ]
          ],
          "identity_schema_version": 0,
          "private": "eyJlMmJmYjczMC1lY2FhLTExZTYtOGY4OC0zNDM2M2JjN2M0YzAiOnsiY3JlYXRlIjoxMjAwMDAwMDAwMDAwLCJkZWZhdWx0IjoxMjAwMDAwMDAwMDAwLCJkZWxldGUiOjEyMDAwMDAwMDAwMDAsInJlYWQiOjEyMDAwMDAwMDAwMDAsInVwZGF0ZSI6MTIwMDAwMDAwMDAwMH19"
        }
      ]
    },
    {
      "mode": "managed",
      "type": "proxmox_lxc",
      "name": "mail",
      "provider": "provider[\"registry.terraform.io/telmate/proxmox\"]",
      "instances": [
        {
          "schema_version": 0,
          "attributes": {
            "arch": "amd64",
            "bwlimit": 0,
            "clone": null,
            "clone_storage": null,
            "cmode": "tty",
            "console": true,
            "cores": 1,
            "cpulimit": 0,
            "cpuunits": 1024,
            "current_node": "node01",
            "description": "",
            "features": [
              {
                "fuse": false,
                "keyctl": false,
                "mknod": false,
                "mount": "",
                "nesting": true
              }
            ],
            "force": false,
            "full": null,
            "hagroup": "",
            "hastate": "",
            "hookscript": "",
            "hostname": "mail",
            "id": "node01/lxc/401",
            "ignore_unpack_errors": false,
            "lock": "",
            "memory": 1024,
            "mountpoint": [],
            "nameserver": "192.168.40.10",
            "network": [
              {
                "bridge": "vmbr2",
                "firewall": true,
                "gw": "10.16.50.20",
                "gw6": "",
                "hwaddr": "BC:24:11:20:73:D0",
                "id": 0,
                "ip": "10.16.50.21/17",
                "ip6": "",
                "mtu": 0,
                "name": "eth0",
                "rate": 0,
                "tag": 0,
                "trunks": "",
                "type": "veth"
              }
            ],
            "onboot": true,
            "ostemplate": "local:vztmpl/debian-13-standard_13.1-2_amd64.tar.zst",
            "ostype": "debian",
            "password": null,
            "pool": null,
            "protection": false,
            "restore": false,
            "rootfs": [
              {
                "acl": false,
                "quota": false,
                "replicate": false,
                "ro": false,
                "shared": false,
                "size": "5G",
                "storage": "local-lvm",
                "volume": "local-lvm:vm-401-disk-0"
              }
            ],
            "searchdomain": "dpvhab.cu",
            "ssh_public_keys": "ssh-rsa AAAAB3NzaC1yc2EAAAADAQABAAABgQCm97/EI/9tcNeVs3acOJTHpQ168QmQnOSJwR2E5ObhszS/aPEcbWEtHP8J5Hs3eTEZhiYBWMlb8+DWv3s4jR0KVb/Hxqvn0gf4oG4o+MYL+Tn3Cmc1FEk86qjJ3DDvu4JD2JdV9RuvPNGVQmRXDtRP6ALq/cAeD3BANm7Liv3/98u2aLK/5CTsW43kEKb/s3JfiumOIhXXCX8el2mdlaWlMOPRKKHU867gHBBKPx5WDzA/NQN765t6/RnoxrdCwn2TrkxMYE9lO7mnpnNW5w1pQnv4e6ljOBBDilss66PhSb29WCIQyD7aOx4aoBJ6qzFp3O99y2d3NvdTqpwR45JK8bEGeJwYoETK54U0IxtBRzniEFgFCX8HGolfsdzrpR2KIf/+vFx0e0bGb5LIeUsIWRWRiLvTquMTIfwmpyFHEFBALyWd+AqUtJ4oXRq/k0VmdB3TRn4ZkzwXZxPfSxOSt5AqQizIYrRrLpveLe40yZcYo1AOjs6j87A4FPzAVN8= ppcojo@G9DH1",
            "start": true,
            "startup": "",
            "swap": 1024,
            "tags": "",
            "target_node": "node01",
            "template": false,
            "timeouts": null,
            "tty": 2,
            "unique": false,
            "unprivileged": true,
            "unused": [],
            "vmid": 401
          },
          "sensitive_attributes": [
            [
              {
                "type": "get_attr",
                "value": "password"
              }
            ],
            [
              {
                "type": "get_attr",
                "value": "ssh_public_keys"
              }
            ]
          ],
          "identity_schema_version": 0,
          "private": "eyJlMmJmYjczMC1lY2FhLTExZTYtOGY4OC0zNDM2M2JjN2M0YzAiOnsiY3JlYXRlIjoxMjAwMDAwMDAwMDAwLCJkZWZhdWx0IjoxMjAwMDAwMDAwMDAwLCJkZWxldGUiOjEyMDAwMDAwMDAwMDAsInJlYWQiOjEyMDAwMDAwMDAwMDAsInVwZGF0ZSI6MTIwMDAwMDAwMDAwMH19"
        }
      ]
    },
    {
      "mode": "managed",
      "type": "proxmox_lxc",
      "name": "mx1",
      "provider": "provider[\"registry.terraform.io/telmate/proxmox\"]",
      "instances": [
        {
          "schema_version": 0,
          "attributes": {
            "arch": "amd64",
            "bwlimit": 0,
            "clone": null,
            "clone_storage": null,
            "cmode": "tty",
            "console": true,
            "cores": 1,
            "cpulimit": 0,
            "cpuunits": 1024,
            "current_node": "node01",
            "description": "",
            "features": [
              {
                "fuse": false,
                "keyctl": false,
                "mknod": false,
                "mount": "",
                "nesting": true
              }
            ],
            "force": false,
            "full": null,
            "hagroup": "",
            "hastate": "",
            "hookscript": "",
            "hostname": "mx1",
            "id": "node01/lxc/312",
            "ignore_unpack_errors": false,
            "lock": "",
            "memory": 1024,
            "mountpoint": [],
            "nameserver": "192.168.40.10",
            "network": [
              {
                "bridge": "vmbr0",
                "firewall": true,
                "gw": "192.168.40.1",
                "gw6": "",
                "hwaddr": "BC:24:11:FB:D8:FA",
                "id": 0,
                "ip": "192.168.40.12/24",
                "ip6": "",
                "mtu": 0,
                "name": "eth0",
                "rate": 0,
                "tag": 0,
                "trunks": "",
                "type": "veth"
              }
            ],
            "onboot": true,
            "ostemplate": "local:vztmpl/debian-13-standard_13.1-2_amd64.tar.zst",
            "ostype": "debian",
            "password": null,
            "pool": null,
            "protection": false,
            "restore": false,
            "rootfs": [
              {
                "acl": false,
                "quota": false,
                "replicate": false,
                "ro": false,
                "shared": false,
                "size": "5G",
                "storage": "local-lvm",
                "volume": "local-lvm:vm-312-disk-0"
              }
            ],
            "searchdomain": "dpvhab.cu",
            "ssh_public_keys": "ssh-rsa AAAAB3NzaC1yc2EAAAADAQABAAABgQCm97/EI/9tcNeVs3acOJTHpQ168QmQnOSJwR2E5ObhszS/aPEcbWEtHP8J5Hs3eTEZhiYBWMlb8+DWv3s4jR0KVb/Hxqvn0gf4oG4o+MYL+Tn3Cmc1FEk86qjJ3DDvu4JD2JdV9RuvPNGVQmRXDtRP6ALq/cAeD3BANm7Liv3/98u2aLK/5CTsW43kEKb/s3JfiumOIhXXCX8el2mdlaWlMOPRKKHU867gHBBKPx5WDzA/NQN765t6/RnoxrdCwn2TrkxMYE9lO7mnpnNW5w1pQnv4e6ljOBBDilss66PhSb29WCIQyD7aOx4aoBJ6qzFp3O99y2d3NvdTqpwR45JK8bEGeJwYoETK54U0IxtBRzniEFgFCX8HGolfsdzrpR2KIf/+vFx0e0bGb5LIeUsIWRWRiLvTquMTIfwmpyFHEFBALyWd+AqUtJ4oXRq/k0VmdB3TRn4ZkzwXZxPfSxOSt5AqQizIYrRrLpveLe40yZcYo1AOjs6j87A4FPzAVN8= ppcojo@G9DH1",
            "start": true,
            "startup": "",
            "swap": 1024,
            "tags": "",
            "target_node": "node01",
            "template": false,
            "timeouts": null,
            "tty": 2,
            "unique": false,
            "unprivileged": true,
            "unused": [],
            "vmid": 312
          },
          "sensitive_attributes": [
            [
              {
                "type": "get_attr",
                "value": "password"
              }
            ],
            [
              {
                "type": "get_attr",
                "value": "ssh_public_keys"
              }
            ]
          ],
          "identity_schema_version": 0,
          "private": "eyJlMmJmYjczMC1lY2FhLTExZTYtOGY4OC0zNDM2M2JjN2M0YzAiOnsiY3JlYXRlIjoxMjAwMDAwMDAwMDAwLCJkZWZhdWx0IjoxMjAwMDAwMDAwMDAwLCJkZWxldGUiOjEyMDAwMDAwMDAwMDAsInJlYWQiOjEyMDAwMDAwMDAwMDAsInVwZGF0ZSI6MTIwMDAwMDAwMDAwMH19"
        }
      ]
    },
    {
      "mode": "managed",
      "type": "proxmox_lxc",
      "name": "ns1",
      "provider": "provider[\"registry.terraform.io/telmate/proxmox\"]",
      "instances": [
        {
          "schema_version": 0,
          "attributes": {
            "arch": "amd64",
            "bwlimit": 0,
            "clone": null,
            "clone_storage": null,
            "cmode": "tty",
            "console": true,
            "cores": 1,
            "cpulimit": 0,
            "cpuunits": 1024,
            "current_node": "node01",
            "description": "",
            "features": [
              {
                "fuse": false,
                "keyctl": false,
                "mknod": false,
                "mount": "",
                "nesting": true
              }
            ],
            "force": false,
            "full": null,
            "hagroup": "",
            "hastate": "",
            "hookscript": "",
            "hostname": "ns1",
            "id": "node01/lxc/310",
            "ignore_unpack_errors": false,
            "lock": "",
            "memory": 1024,
            "mountpoint": [],
            "nameserver": "192.168.40.10",
            "network": [
              {
                "bridge": "vmbr0",
                "firewall": true,
                "gw": "192.168.40.1",
                "gw6": "",
                "hwaddr": "BC:24:11:16:CA:48",
                "id": 0,
                "ip": "192.168.40.10/24",
                "ip6": "",
                "mtu": 0,
                "name": "eth0",
                "rate": 0,
                "tag": 0,
                "trunks": "",
                "type": "veth"
              }
            ],
            "onboot": true,
            "ostemplate": "local:vztmpl/debian-13-standard_13.1-2_amd64.tar.zst",
            "ostype": "debian",
            "password": null,
            "pool": null,
            "protection": false,
            "restore": false,
            "rootfs": [
              {
                "acl": false,
                "quota": false,
                "replicate": false,
                "ro": false,
                "shared": false,
                "size": "5G",
                "storage": "local-lvm",
                "volume": "local-lvm:vm-310-disk-0"
              }
            ],
            "searchdomain": "dpvhab.cu",
            "ssh_public_keys": "ssh-rsa AAAAB3NzaC1yc2EAAAADAQABAAABgQCm97/EI/9tcNeVs3acOJTHpQ168QmQnOSJwR2E5ObhszS/aPEcbWEtHP8J5Hs3eTEZhiYBWMlb8+DWv3s4jR0KVb/Hxqvn0gf4oG4o+MYL+Tn3Cmc1FEk86qjJ3DDvu4JD2JdV9RuvPNGVQmRXDtRP6ALq/cAeD3BANm7Liv3/98u2aLK/5CTsW43kEKb/s3JfiumOIhXXCX8el2mdlaWlMOPRKKHU867gHBBKPx5WDzA/NQN765t6/RnoxrdCwn2TrkxMYE9lO7mnpnNW5w1pQnv4e6ljOBBDilss66PhSb29WCIQyD7aOx4aoBJ6qzFp3O99y2d3NvdTqpwR45JK8bEGeJwYoETK54U0IxtBRzniEFgFCX8HGolfsdzrpR2KIf/+vFx0e0bGb5LIeUsIWRWRiLvTquMTIfwmpyFHEFBALyWd+AqUtJ4oXRq/k0VmdB3TRn4ZkzwXZxPfSxOSt5AqQizIYrRrLpveLe40yZcYo1AOjs6j87A4FPzAVN8= ppcojo@G9DH1",
            "start": true,
            "startup": "",
            "swap": 1024,
            "tags": "",
            "target_node": "node01",
            "template": false,
            "timeouts": null,
            "tty": 2,
            "unique": false,
            "unprivileged": true,
            "unused": [],
            "vmid": 310
          },
          "sensitive_attributes": [
            [
              {
                "type": "get_attr",
                "value": "password"
              }
            ],
            [
              {
                "type": "get_attr",
                "value": "ssh_public_keys"
              }
            ]
          ],
          "identity_schema_version": 0,
          "private": "eyJlMmJmYjczMC1lY2FhLTExZTYtOGY4OC0zNDM2M2JjN2M0YzAiOnsiY3JlYXRlIjoxMjAwMDAwMDAwMDAwLCJkZWZhdWx0IjoxMjAwMDAwMDAwMDAwLCJkZWxldGUiOjEyMDAwMDAwMDAwMDAsInJlYWQiOjEyMDAwMDAwMDAwMDAsInVwZGF0ZSI6MTIwMDAwMDAwMDAwMH19"
        }
      ]
    },
    {
      "mode": "managed",
      "type": "proxmox_lxc",
      "name": "proxy",
      "provider": "provider[\"registry.terraform.io/telmate/proxmox\"]",
      "instances": [
        {
          "schema_version": 0,
          "attributes": {
            "arch": "amd64",
            "bwlimit": 0,
            "clone": null,
            "clone_storage": null,
            "cmode": "tty",
            "console": true,
            "cores": 1,
            "cpulimit": 0,
            "cpuunits": 1024,
            "current_node": "node01",
            "description": "",
            "features": [
              {
                "fuse": false,
                "keyctl": false,
                "mknod": false,
                "mount": "",
                "nesting": true
              }
            ],
            "force": false,
            "full": null,
            "hagroup": "",
            "hastate": "",
            "hookscript": "",
            "hostname": "proxy",
            "id": "node01/lxc/400",
            "ignore_unpack_errors": false,
            "lock": "",
            "memory": 1024,
            "mountpoint": [],
            "nameserver": "192.168.40.10",
            "network": [
              {
                "bridge": "vmbr0",
                "firewall": true,
                "gw": "192.168.40.1",
                "gw6": "",
                "hwaddr": "BC:24:11:CD:D3:0F",
                "id": 0,
                "ip": "192.168.40.30/24",
                "ip6": "",
                "mtu": 0,
                "name": "eth0",
                "rate": 0,
                "tag": 0,
                "trunks": "",
                "type": "veth"
              },
              {
                "bridge": "vmbr2",
                "firewall": true,
                "gw": "",
                "gw6": "",
                "hwaddr": "BC:24:11:EC:78:61",
                "id": 1,
                "ip": "10.16.50.20/17",
                "ip6": "",
                "mtu": 0,
                "name": "eth1",
                "rate": 0,
                "tag": 0,
                "trunks": "",
                "type": "veth"
              }
            ],
            "onboot": true,
            "ostemplate": "local:vztmpl/debian-13-standard_13.1-2_amd64.tar.zst",
            "ostype": "debian",
            "password": null,
            "pool": null,
            "protection": false,
            "restore": false,
            "rootfs": [
              {
                "acl": false,
                "quota": false,
                "replicate": false,
                "ro": false,
                "shared": false,
                "size": "5G",
                "storage": "local-lvm",
                "volume": "local-lvm:vm-400-disk-0"
              }
            ],
            "searchdomain": "dpvhab.cu",
            "ssh_public_keys": "ssh-rsa AAAAB3NzaC1yc2EAAAADAQABAAABgQCm97/EI/9tcNeVs3acOJTHpQ168QmQnOSJwR2E5ObhszS/aPEcbWEtHP8J5Hs3eTEZhiYBWMlb8+DWv3s4jR0KVb/Hxqvn0gf4oG4o+MYL+Tn3Cmc1FEk86qjJ3DDvu4JD2JdV9RuvPNGVQmRXDtRP6ALq/cAeD3BANm7Liv3/98u2aLK/5CTsW43kEKb/s3JfiumOIhXXCX8el2mdlaWlMOPRKKHU867gHBBKPx5WDzA/NQN765t6/RnoxrdCwn2TrkxMYE9lO7mnpnNW5w1pQnv4e6ljOBBDilss66PhSb29WCIQyD7aOx4aoBJ6qzFp3O99y2d3NvdTqpwR45JK8bEGeJwYoETK54U0IxtBRzniEFgFCX8HGolfsdzrpR2KIf/+vFx0e0bGb5LIeUsIWRWRiLvTquMTIfwmpyFHEFBALyWd+AqUtJ4oXRq/k0VmdB3TRn4ZkzwXZxPfSxOSt5AqQizIYrRrLpveLe40yZcYo1AOjs6j87A4FPzAVN8= ppcojo@G9DH1",
            "start": true,
            "startup": "",
            "swap": 1024,
            "tags": "",
            "target_node": "node01",
            "template": false,
            "timeouts": null,
            "tty": 2,
            "unique": false,
            "unprivileged": true,
            "unused": [],
            "vmid": 400
          },
          "sensitive_attributes": [
            [
              {
                "type": "get_attr",
                "value": "password"
              }
            ],
            [
              {
                "type": "get_attr",
                "value": "ssh_public_keys"
              }
            ]
          ],
          "identity_schema_version": 0,
          "private": "eyJlMmJmYjczMC1lY2FhLTExZTYtOGY4OC0zNDM2M2JjN2M0YzAiOnsiY3JlYXRlIjoxMjAwMDAwMDAwMDAwLCJkZWZhdWx0IjoxMjAwMDAwMDAwMDAwLCJkZWxldGUiOjEyMDAwMDAwMDAwMDAsInJlYWQiOjEyMDAwMDAwMDAwMDAsInVwZGF0ZSI6MTIwMDAwMDAwMDAwMH19"
        }
      ]
    },
    {
      "mode": "managed",
      "type": "proxmox_lxc",
      "name": "r1",
      "provider": "provider[\"registry.terraform.io/telmate/proxmox\"]",
      "instances": [
        {
          "schema_version": 0,
          "attributes": {
            "arch": "amd64",
            "bwlimit": 0,
            "clone": null,
            "clone_storage": null,
            "cmode": "tty",
            "console": true,
            "cores": 1,
            "cpulimit": 0,
            "cpuunits": 1024,
            "current_node": "node01",
            "description": "",
            "features": [
              {
                "fuse": false,
                "keyctl": false,
                "mknod": false,
                "mount": "",
                "nesting": true
              }
            ],
            "force": false,
            "full": null,
            "hagroup": "",
            "hastate": "",
            "hookscript": "",
            "hostname": "r1",
            "id": "node01/lxc/101",
            "ignore_unpack_errors": false,
            "lock": "",
            "memory": 1024,
            "mountpoint": [],
            "nameserver": "172.32.16.20",
            "network": [
              {
                "bridge": "vmbr5",
                "firewall": true,
                "gw": "172.32.16.20",
                "gw6": "",
                "hwaddr": "BC:24:11:95:DB:A8",
                "id": 0,
                "ip": "172.32.16.1/24",
                "ip6": "",
                "mtu": 0,
                "name": "eth0",
                "rate": 0,
                "tag": 0,
                "trunks": "",
                "type": "veth"
              },
              {
                "bridge": "vmbr1",
                "firewall": true,
                "gw": "",
                "gw6": "",
                "hwaddr": "BC:24:11:03:54:A9",
                "id": 1,
                "ip": "192.168.26.2/30",
                "ip6": "",
                "mtu": 0,
                "name": "eth1",
                "rate": 0,
                "tag": 0,
                "trunks": "",
                "type": "veth"
              }
            ],
            "onboot": true,
            "ostemplate": "local:vztmpl/debian-13-standard_13.1-2_amd64.tar.zst",
            "ostype": "debian",
            "password": null,
            "pool": null,
            "protection": false,
            "restore": false,
            "rootfs": [
              {
                "acl": false,
                "quota": false,
                "replicate": false,
                "ro": false,
                "shared": false,
                "size": "5G",
                "storage": "local-lvm",
                "volume": "local-lvm:vm-101-disk-0"
              }
            ],
            "searchdomain": "dpvhab.cu",
            "ssh_public_keys": "ssh-rsa AAAAB3NzaC1yc2EAAAADAQABAAABgQCm97/EI/9tcNeVs3acOJTHpQ168QmQnOSJwR2E5ObhszS/aPEcbWEtHP8J5Hs3eTEZhiYBWMlb8+DWv3s4jR0KVb/Hxqvn0gf4oG4o+MYL+Tn3Cmc1FEk86qjJ3DDvu4JD2JdV9RuvPNGVQmRXDtRP6ALq/cAeD3BANm7Liv3/98u2aLK/5CTsW43kEKb/s3JfiumOIhXXCX8el2mdlaWlMOPRKKHU867gHBBKPx5WDzA/NQN765t6/RnoxrdCwn2TrkxMYE9lO7mnpnNW5w1pQnv4e6ljOBBDilss66PhSb29WCIQyD7aOx4aoBJ6qzFp3O99y2d3NvdTqpwR45JK8bEGeJwYoETK54U0IxtBRzniEFgFCX8HGolfsdzrpR2KIf/+vFx0e0bGb5LIeUsIWRWRiLvTquMTIfwmpyFHEFBALyWd+AqUtJ4oXRq/k0VmdB3TRn4ZkzwXZxPfSxOSt5AqQizIYrRrLpveLe40yZcYo1AOjs6j87A4FPzAVN8= ppcojo@G9DH1",
            "start": true,
            "startup": "",
            "swap": 1024,
            "tags": "",
            "target_node": "node01",
            "template": false,
            "timeouts": null,
            "tty": 2,
            "unique": false,
            "unprivileged": true,
            "unused": [],
            "vmid": 101
          },
          "sensitive_attributes": [
            [
              {
                "type": "get_attr",
                "value": "password"
              }
            ],
            [
              {
                "type": "get_attr",
                "value": "ssh_public_keys"
              }
            ]
          ],
          "identity_schema_version": 0,
          "private": "eyJlMmJmYjczMC1lY2FhLTExZTYtOGY4OC0zNDM2M2JjN2M0YzAiOnsiY3JlYXRlIjoxMjAwMDAwMDAwMDAwLCJkZWZhdWx0IjoxMjAwMDAwMDAwMDAwLCJkZWxldGUiOjEyMDAwMDAwMDAwMDAsInJlYWQiOjEyMDAwMDAwMDAwMDAsInVwZGF0ZSI6MTIwMDAwMDAwMDAwMH19"
        }
      ]
    },
    {
      "mode": "managed",
      "type": "proxmox_lxc",
      "name": "r2",
      "provider": "provider[\"registry.terraform.io/telmate/proxmox\"]",
      "instances": [
        {
          "schema_version": 0,
          "attributes": {
            "arch": "amd64",
            "bwlimit": 0,
            "clone": null,
            "clone_storage": null,
            "cmode": "tty",
            "console": true,
            "cores": 1,
            "cpulimit": 0,
            "cpuunits": 1024,
            "current_node": "node01",
            "description": "",
            "features": [
              {
                "fuse": false,
                "keyctl": false,
                "mknod": false,
                "mount": "",
                "nesting": true
              }
            ],
            "force": false,
            "full": null,
            "hagroup": "",
            "hastate": "",
            "hookscript": "",
            "hostname": "r2",
            "id": "node01/lxc/102",
            "ignore_unpack_errors": false,
            "lock": "",
            "memory": 1024,
            "mountpoint": [],
            "nameserver": "190.6.78.50",
            "network": [
              {
                "bridge": "vmbr1",
                "firewall": true,
                "gw": "192.168.245.165",
                "gw6": "",
                "hwaddr": "BC:24:11:03:BE:25",
                "id": 0,
                "ip": "192.168.245.166/30",
                "ip6": "",
                "mtu": 0,
                "name": "eth0",
                "rate": 0,
                "tag": 0,
                "trunks": "",
                "type": "veth"
              },
              {
                "bridge": "vmbr4",
                "firewall": true,
                "gw": "",
                "gw6": "",
                "hwaddr": "BC:24:11:CA:C2:80",
                "id": 1,
                "ip": "190.6.78.49/29",
                "ip6": "",
                "mtu": 0,
                "name": "eth1",
                "rate": 0,
                "tag": 0,
                "trunks": "",
                "type": "veth"
              }
            ],
            "onboot": true,
            "ostemplate": "local:vztmpl/debian-13-standard_13.1-2_amd64.tar.zst",
            "ostype": "debian",
            "password": null,
            "pool": null,
            "protection": false,
            "restore": false,
            "rootfs": [
              {
                "acl": false,
                "quota": false,
                "replicate": false,
                "ro": false,
                "shared": false,
                "size": "5G",
                "storage": "local-lvm",
                "volume": "local-lvm:vm-102-disk-0"
              }
            ],
            "searchdomain": "dpvhab.cu",
            "ssh_public_keys": "ssh-rsa AAAAB3NzaC1yc2EAAAADAQABAAABgQCm97/EI/9tcNeVs3acOJTHpQ168QmQnOSJwR2E5ObhszS/aPEcbWEtHP8J5Hs3eTEZhiYBWMlb8+DWv3s4jR0KVb/Hxqvn0gf4oG4o+MYL+Tn3Cmc1FEk86qjJ3DDvu4JD2JdV9RuvPNGVQmRXDtRP6ALq/cAeD3BANm7Liv3/98u2aLK/5CTsW43kEKb/s3JfiumOIhXXCX8el2mdlaWlMOPRKKHU867gHBBKPx5WDzA/NQN765t6/RnoxrdCwn2TrkxMYE9lO7mnpnNW5w1pQnv4e6ljOBBDilss66PhSb29WCIQyD7aOx4aoBJ6qzFp3O99y2d3NvdTqpwR45JK8bEGeJwYoETK54U0IxtBRzniEFgFCX8HGolfsdzrpR2KIf/+vFx0e0bGb5LIeUsIWRWRiLvTquMTIfwmpyFHEFBALyWd+AqUtJ4oXRq/k0VmdB3TRn4ZkzwXZxPfSxOSt5AqQizIYrRrLpveLe40yZcYo1AOjs6j87A4FPzAVN8= ppcojo@G9DH1",
            "start": true,
            "startup": "",
            "swap": 1024,
            "tags": "",
            "target_node": "node01",
            "template": false,
            "timeouts": null,
            "tty": 2,
            "unique": false,
            "unprivileged": true,
            "unused": [],
            "vmid": 102
          },
          "sensitive_attributes": [
            [
              {
                "type": "get_attr",
                "value": "password"
              }
            ],
            [
              {
                "type": "get_attr",
                "value": "ssh_public_keys"
              }
            ]
          ],
          "identity_schema_version": 0,
          "private": "eyJlMmJmYjczMC1lY2FhLTExZTYtOGY4OC0zNDM2M2JjN2M0YzAiOnsiY3JlYXRlIjoxMjAwMDAwMDAwMDAwLCJkZWZhdWx0IjoxMjAwMDAwMDAwMDAwLCJkZWxldGUiOjEyMDAwMDAwMDAwMDAsInJlYWQiOjEyMDAwMDAwMDAwMDAsInVwZGF0ZSI6MTIwMDAwMDAwMDAwMH19"
        }
      ]
    },
    {
      "mode": "managed",
      "type": "proxmox_lxc",
      "name": "r3",
      "provider": "provider[\"registry.terraform.io/telmate/proxmox\"]",
      "instances": [
        {
          "schema_version": 0,
          "attributes": {
            "arch": "amd64",
            "bwlimit": 0,
            "clone": null,
            "clone_storage": null,
            "cmode": "tty",
            "console": true,
            "cores": 1,
            "cpulimit": 0,
            "cpuunits": 1024,
            "current_node": "node01",
            "description": "",
            "features": [
              {
                "fuse": false,
                "keyctl": false,
                "mknod": false,
                "mount": "",
                "nesting": true
              }
            ],
            "force": false,
            "full": null,
            "hagroup": "",
            "hastate": "",
            "hookscript": "",
            "hostname": "r3",
            "id": "node01/lxc/103",
            "ignore_unpack_errors": false,
            "lock": "",
            "memory": 1024,
            "mountpoint": [],
            "nameserver": "190.6.67.2",
            "network": [
              {
                "bridge": "vmbr1",
                "firewall": true,
                "gw": "192.168.180.213",
                "gw6": "",
                "hwaddr": "BC:24:11:5C:A1:92",
                "id": 0,
                "ip": "192.168.180.214/30",
                "ip6": "",
                "mtu": 0,
                "name": "eth0",
                "rate": 0,
                "tag": 0,
                "trunks": "",
                "type": "veth"
              },
              {
                "bridge": "vmbr3",
                "firewall": true,
                "gw": "",
                "gw6": "",
                "hwaddr": "BC:24:11:5F:3E:E8",
                "id": 1,
                "ip": "190.6.67.1/29",
                "ip6": "",
                "mtu": 0,
                "name": "eth1",
                "rate": 0,
                "tag": 0,
                "trunks": "",
                "type": "veth"
              }
            ],
            "onboot": true,
            "ostemplate": "local:vztmpl/debian-13-standard_13.1-2_amd64.tar.zst",
            "ostype": "debian",
            "password": null,
            "pool": null,
            "protection": false,
            "restore": false,
            "rootfs": [
              {
                "acl": false,
                "quota": false,
                "replicate": false,
                "ro": false,
                "shared": false,
                "size": "5G",
                "storage": "local-lvm",
                "volume": "local-lvm:vm-103-disk-0"
              }
            ],
            "searchdomain": "dpvhab.cu",
            "ssh_public_keys": "ssh-rsa AAAAB3NzaC1yc2EAAAADAQABAAABgQCm97/EI/9tcNeVs3acOJTHpQ168QmQnOSJwR2E5ObhszS/aPEcbWEtHP8J5Hs3eTEZhiYBWMlb8+DWv3s4jR0KVb/Hxqvn0gf4oG4o+MYL+Tn3Cmc1FEk86qjJ3DDvu4JD2JdV9RuvPNGVQmRXDtRP6ALq/cAeD3BANm7Liv3/98u2aLK/5CTsW43kEKb/s3JfiumOIhXXCX8el2mdlaWlMOPRKKHU867gHBBKPx5WDzA/NQN765t6/RnoxrdCwn2TrkxMYE9lO7mnpnNW5w1pQnv4e6ljOBBDilss66PhSb29WCIQyD7aOx4aoBJ6qzFp3O99y2d3NvdTqpwR45JK8bEGeJwYoETK54U0IxtBRzniEFgFCX8HGolfsdzrpR2KIf/+vFx0e0bGb5LIeUsIWRWRiLvTquMTIfwmpyFHEFBALyWd+AqUtJ4oXRq/k0VmdB3TRn4ZkzwXZxPfSxOSt5AqQizIYrRrLpveLe40yZcYo1AOjs6j87A4FPzAVN8= ppcojo@G9DH1",
            "start": true,
            "startup": "",
            "swap": 1024,
            "tags": "",
            "target_node": "node01",
            "template": false,
            "timeouts": null,
            "tty": 2,
            "unique": false,
            "unprivileged": true,
            "unused": [],
            "vmid": 103
          },
          "sensitive_attributes": [
            [
              {
                "type": "get_attr",
                "value": "password"
              }
            ],
            [
              {
                "type": "get_attr",
                "value": "ssh_public_keys"
              }
            ]
          ],
          "identity_schema_version": 0,
          "private": "eyJlMmJmYjczMC1lY2FhLTExZTYtOGY4OC0zNDM2M2JjN2M0YzAiOnsiY3JlYXRlIjoxMjAwMDAwMDAwMDAwLCJkZWZhdWx0IjoxMjAwMDAwMDAwMDAwLCJkZWxldGUiOjEyMDAwMDAwMDAwMDAsInJlYWQiOjEyMDAwMDAwMDAwMDAsInVwZGF0ZSI6MTIwMDAwMDAwMDAwMH19"
        }
      ]
    }
  ],
  "check_results": null
}
