{
  "version": 4,
  "terraform_version": "1.12.2",
  "serial": 58,
  "lineage": "fe8214be-1425-4b60-3b02-3ed1cd8ed25a",
  "outputs": {},
  "resources": [
    {
      "mode": "managed",
      "type": "proxmox_lxc",
      "name": "fw1",
      "provider": "provider[\"registry.terraform.io/telmate/proxmox\"]",
      "instances": [
        {
          "schema_version": 0,
          "attributes": {
            "arch": "amd64",
            "bwlimit": 0,
            "clone": null,
            "clone_storage": null,
            "cmode": "tty",
            "console": true,
            "cores": 1,
            "cpulimit": 0,
            "cpuunits": 1024,
            "current_node": "node01",
            "description": "",
            "features": [
              {
                "fuse": false,
                "keyctl": false,
                "mknod": false,
                "mount": "",
                "nesting": true
              }
            ],
            "force": false,
            "full": null,
            "hagroup": "",
            "hastate": "",
            "hookscript": "",
            "hostname": "fw1",
            "id": "node01/lxc/201",
            "ignore_unpack_errors": false,
            "lock": "",
            "memory": 1024,
            "mountpoint": [],
            "nameserver": "192.168.40.10",
            "network": [
              {
                "bridge": "vmbr5",
                "firewall": true,
                "gw": "",
                "gw6": "",
                "hwaddr": "BC:24:11:0E:A3:90",
                "id": 0,
                "ip": "172.32.16.20/24",
                "ip6": "",
                "mtu": 0,
                "name": "eth0",
                "rate": 0,
                "tag": 0,
                "trunks": "",
                "type": "veth"
              },
              {
                "bridge": "vmbr0",
                "firewall": true,
                "gw": "192.168.40.1",
                "gw6": "",
                "hwaddr": "BC:24:11:DB:6B:FA",
                "id": 1,
                "ip": "192.168.40.3/24",
                "ip6": "",
                "mtu": 0,
                "name": "eth1",
                "rate": 0,
                "tag": 0,
                "trunks": "",
                "type": "veth"
              }
            ],
            "onboot": true,
            "ostemplate": "local:vztmpl/debian-13-standard_13.1-2_amd64.tar.zst",
            "ostype": "debian",
            "password": null,
            "pool": null,
            "protection": false,
            "restore": false,
            "rootfs": [
              {
                "acl": false,
                "quota": false,
                "replicate": false,
                "ro": false,
                "shared": false,
                "size": "5G",
                "storage": "local-lvm",
                "volume": "local-lvm:vm-201-disk-0"
              }
            ],
            "searchdomain": "dpvhab.cu",
            "ssh_public_keys": "ssh-rsa AAAAB3NzaC1yc2EAAAADAQABAAABgQCm97/EI/9tcNeVs3acOJTHpQ168QmQnOSJwR2E5ObhszS/aPEcbWEtHP8J5Hs3eTEZhiYBWMlb8+DWv3s4jR0KVb/Hxqvn0gf4oG4o+MYL+Tn3Cmc1FEk86qjJ3DDvu4JD2JdV9RuvPNGVQmRXDtRP6ALq/cAeD3BANm7Liv3/98u2aLK/5CTsW43kEKb/s3JfiumOIhXXCX8el2mdlaWlMOPRKKHU867gHBBKPx5WDzA/NQN765t6/RnoxrdCwn2TrkxMYE9lO7mnpnNW5w1pQnv4e6ljOBBDilss66PhSb29WCIQyD7aOx4aoBJ6qzFp3O99y2d3NvdTqpwR45JK8bEGeJwYoETK54U0IxtBRzniEFgFCX8HGolfsdzrpR2KIf/+vFx0e0bGb5LIeUsIWRWRiLvTquMTIfwmpyFHEFBALyWd+AqUtJ4oXRq/k0VmdB3TRn4ZkzwXZxPfSxOSt5AqQizIYrRrLpveLe40yZcYo1AOjs6j87A4FPzAVN8= ppcojo@G9DH1",
            "start": true,
            "startup": "",
            "swap": 1024,
            "tags": "",
            "target_node": "node01",
            "template": false,
            "timeouts": null,
            "tty": 2,
            "unique": false,
            "unprivileged": true,
            "unused": [],
            "vmid": 201
          },
          "sensitive_attributes": [
            [
              {
                "type": "get_attr",
                "value": "password"
              }
            ],
            [
              {
                "type": "get_attr",
                "value": "ssh_public_keys"
              }
            ]
          ],
          "identity_schema_version": 0,
          "private": "eyJlMmJmYjczMC1lY2FhLTExZTYtOGY4OC0zNDM2M2JjN2M0YzAiOnsiY3JlYXRlIjoxMjAwMDAwMDAwMDAwLCJkZWZhdWx0IjoxMjAwMDAwMDAwMDAwLCJkZWxldGUiOjEyMDAwMDAwMDAwMDAsInJlYWQiOjEyMDAwMDAwMDAwMDAsInVwZGF0ZSI6MTIwMDAwMDAwMDAwMH19"
        }
      ]
    },
    {
      "mode": "managed",
      "type": "proxmox_lxc",
      "name": "fw2",
      "provider": "provider[\"registry.terraform.io/telmate/proxmox\"]",
      "instances": [
        {
          "schema_version": 0,
          "attributes": {
            "arch": "amd64",
            "bwlimit": 0,
            "clone": null,
            "clone_storage": null,
            "cmode": "tty",
            "console": true,
            "cores": 1,
            "cpulimit": 0,
            "cpuunits": 1024,
            "current_node": "node01",
            "description": "",
            "features": [
              {
                "fuse": false,
                "keyctl": false,
                "mknod": false,
                "mount": "",
                "nesting": true
              }
            ],
            "force": false,
            "full": null,
            "hagroup": "",
            "hastate": "",
            "hookscript": "",
            "hostname": "fw2",
            "id": "node01/lxc/202",
            "ignore_unpack_errors": false,
            "lock": "",
            "memory": 1024,
            "mountpoint": [],
            "nameserver": "192.168.40.10",
            "network": [
              {
                "bridge": "vmbr4",
                "firewall": true,
                "gw": "190.6.78.49",
                "gw6": "",
                "hwaddr": "BC:24:11:27:A9:59",
                "id": 0,
                "ip": "190.6.78.50/29",
                "ip6": "",
                "mtu": 0,
                "name": "eth0",
                "rate": 0,
                "tag": 0,
                "trunks": "",
                "type": "veth"
              },
              {
                "bridge": "vmbr4",
                "firewall": true,
                "gw": "",
                "gw6": "",
                "hwaddr": "BC:24:11:2F:9A:F8",
                "id": 1,
                "ip": "190.6.78.51/29",
                "ip6": "",
                "mtu": 0,
                "name": "eth1",
                "rate": 0,
                "tag": 0,
                "trunks": "",
                "type": "veth"
              },
              {
                "bridge": "vmbr4",
                "firewall": true,
                "gw": "",
                "gw6": "",
                "hwaddr": "BC:24:11:90:E1:02",
                "id": 2,
                "ip": "190.6.78.52/29",
                "ip6": "",
                "mtu": 0,
                "name": "eth2",
                "rate": 0,
                "tag": 0,
                "trunks": "",
                "type": "veth"
              },
              {
                "bridge": "vmbr4",
                "firewall": true,
                "gw": "",
                "gw6": "",
                "hwaddr": "BC:24:11:3D:2D:8E",
                "id": 3,
                "ip": "190.6.78.53/29",
                "ip6": "",
                "mtu": 0,
                "name": "eth3",
                "rate": 0,
                "tag": 0,
                "trunks": "",
                "type": "veth"
              },
              {
                "bridge": "vmbr4",
                "firewall": true,
                "gw": "",
                "gw6": "",
                "hwaddr": "BC:24:11:C3:55:E4",
                "id": 4,
                "ip": "190.6.78.54/29",
                "ip6": "",
                "mtu": 0,
                "name": "eth4",
                "rate": 0,
                "tag": 0,
                "trunks": "",
                "type": "veth"
              },
              {
                "bridge": "vmbr0",
                "firewall": true,
                "gw": "",
                "gw6": "",
                "hwaddr": "BC:24:11:C8:2C:54",
                "id": 5,
                "ip": "192.168.40.1/24",
                "ip6": "",
                "mtu": 0,
                "name": "eth5",
                "rate": 0,
                "tag": 0,
                "trunks": "",
                "type": "veth"
              }
            ],
            "onboot": true,
            "ostemplate": "local:vztmpl/debian-13-standard_13.1-2_amd64.tar.zst",
            "ostype": "debian",
            "password": null,
            "pool": null,
            "protection": false,
            "restore": false,
            "rootfs": [
              {
                "acl": false,
                "quota": false,
                "replicate": false,
                "ro": false,
                "shared": false,
                "size": "5G",
                "storage": "local-lvm",
                "volume": "local-lvm:vm-202-disk-0"
              }
            ],
            "searchdomain": "dpvhab.cu",
            "ssh_public_keys": "ssh-rsa AAAAB3NzaC1yc2EAAAADAQABAAABgQCm97/EI/9tcNeVs3acOJTHpQ168QmQnOSJwR2E5ObhszS/aPEcbWEtHP8J5Hs3eTEZhiYBWMlb8+DWv3s4jR0KVb/Hxqvn0gf4oG4o+MYL+Tn3Cmc1FEk86qjJ3DDvu4JD2JdV9RuvPNGVQmRXDtRP6ALq/cAeD3BANm7Liv3/98u2aLK/5CTsW43kEKb/s3JfiumOIhXXCX8el2mdlaWlMOPRKKHU867gHBBKPx5WDzA/NQN765t6/RnoxrdCwn2TrkxMYE9lO7mnpnNW5w1pQnv4e6ljOBBDilss66PhSb29WCIQyD7aOx4aoBJ6qzFp3O99y2d3NvdTqpwR45JK8bEGeJwYoETK54U0IxtBRzniEFgFCX8HGolfsdzrpR2KIf/+vFx0e0bGb5LIeUsIWRWRiLvTquMTIfwmpyFHEFBALyWd+AqUtJ4oXRq/k0VmdB3TRn4ZkzwXZxPfSxOSt5AqQizIYrRrLpveLe40yZcYo1AOjs6j87A4FPzAVN8= ppcojo@G9DH1",
            "start": true,
            "startup": "",
            "swap": 1024,
            "tags": "",
            "target_node": "node01",
            "template": false,
            "timeouts": null,
            "tty": 2,
            "unique": false,
            "unprivileged": true,
            "unused": [],
            "vmid": 202
          },
          "sensitive_attributes": [
            [
              {
                "type": "get_attr",
                "value": "password"
              }
            ],
            [
              {
                "type": "get_attr",
                "value": "ssh_public_keys"
              }
            ]
          ],
          "identity_schema_version": 0,
          "private": "eyJlMmJmYjczMC1lY2FhLTExZTYtOGY4OC0zNDM2M2JjN2M0YzAiOnsiY3JlYXRlIjoxMjAwMDAwMDAwMDAwLCJkZWZhdWx0IjoxMjAwMDAwMDAwMDAwLCJkZWxldGUiOjEyMDAwMDAwMDAwMDAsInJlYWQiOjEyMDAwMDAwMDAwMDAsInVwZGF0ZSI6MTIwMDAwMDAwMDAwMH19"
        }
      ]
    },
    {
      "mode": "managed",
      "type": "proxmox_lxc",
      "name": "fw3",
      "provider": "provider[\"registry.terraform.io/telmate/proxmox\"]",
      "instances": [
        {
          "schema_version": 0,
          "attributes": {
            "arch": "amd64",
            "bwlimit": 0,
            "clone": null,
            "clone_storage": null,
            "cmode": "tty",
            "console": true,
            "cores": 1,
            "cpulimit": 0,
            "cpuunits": 1024,
            "current_node": "node01",
            "description": "",
            "features": [
              {
                "fuse": false,
                "keyctl": false,
                "mknod": false,
                "mount": "",
                "nesting": true
              }
            ],
            "force": false,
            "full": null,
            "hagroup": "",
            "hastate": "",
            "hookscript": "",
            "hostname": "fw3",
            "id": "node01/lxc/203",
            "ignore_unpack_errors": false,
            "lock": "",
            "memory": 1024,
            "mountpoint": [],
            "nameserver": "192.168.40.10",
            "network": [
              {
                "bridge": "vmbr3",
                "firewall": true,
                "gw": "190.6.67.1",
                "gw6": "",
                "hwaddr": "BC:24:11:34:48:AB",
                "id": 0,
                "ip": "190.6.67.2/29",
                "ip6": "",
                "mtu": 0,
                "name": "eth0",
                "rate": 0,
                "tag": 0,
                "trunks": "",
                "type": "veth"
              },
              {
                "bridge": "vmbr3",
                "firewall": true,
                "gw": "",
                "gw6": "",
                "hwaddr": "BC:24:11:65:0D:71",
                "id": 1,
                "ip": "190.6.67.3/29",
                "ip6": "",
                "mtu": 0,
                "name": "eth1",
                "rate": 0,
                "tag": 0,
                "trunks": "",
                "type": "veth"
              },
              {
                "bridge": "vmbr3",
                "firewall": true,
                "gw": "",
                "gw6": "",
                "hwaddr": "BC:24:11:58:D3:6B",
                "id": 2,
                "ip": "190.6.67.4/29",
                "ip6": "",
                "mtu": 0,
                "name": "eth2",
                "rate": 0,
                "tag": 0,
                "trunks": "",
                "type": "veth"
              },
              {
                "bridge": "vmbr3",
                "firewall": true,
                "gw": "",
                "gw6": "",
                "hwaddr": "BC:24:11:1B:17:BC",
                "id": 3,
                "ip": "190.6.67.5/29",
                "ip6": "",
                "mtu": 0,
                "name": "eth3",
                "rate": 0,
                "tag": 0,
                "trunks": "",
                "type": "veth"
              },
              {
                "bridge": "vmbr3",
                "firewall": true,
                "gw": "",
                "gw6": "",
                "hwaddr": "BC:24:11:1F:09:1D",
                "id": 4,
                "ip": "190.6.67.6/29",
                "ip6": "",
                "mtu": 0,
                "name": "eth4",
                "rate": 0,
                "tag": 0,
                "trunks": "",
                "type": "veth"
              },
              {
                "bridge": "vmbr0",
                "firewall": true,
                "gw": "",
                "gw6": "",
                "hwaddr": "BC:24:11:AF:CD:89",
                "id": 5,
                "ip": "192.168.40.2/24",
                "ip6": "",
                "mtu": 0,
                "name": "eth5",
                "rate": 0,
                "tag": 0,
                "trunks": "",
                "type": "veth"
              }
            ],
            "onboot": true,
            "ostemplate": "local:vztmpl/debian-13-standard_13.1-2_amd64.tar.zst",
            "ostype": "debian",
            "password": null,
            "pool": null,
            "protection": false,
            "restore": false,
            "rootfs": [
              {
                "acl": false,
                "quota": false,
                "replicate": false,
                "ro": false,
                "shared": false,
                "size": "5G",
                "storage": "local-lvm",
                "volume": "local-lvm:vm-203-disk-0"
              }
            ],
            "searchdomain": "dpvhab.cu",
            "ssh_public_keys": "ssh-rsa AAAAB3NzaC1yc2EAAAADAQABAAABgQCm97/EI/9tcNeVs3acOJTHpQ168QmQnOSJwR2E5ObhszS/aPEcbWEtHP8J5Hs3eTEZhiYBWMlb8+DWv3s4jR0KVb/Hxqvn0gf4oG4o+MYL+Tn3Cmc1FEk86qjJ3DDvu4JD2JdV9RuvPNGVQmRXDtRP6ALq/cAeD3BANm7Liv3/98u2aLK/5CTsW43kEKb/s3JfiumOIhXXCX8el2mdlaWlMOPRKKHU867gHBBKPx5WDzA/NQN765t6/RnoxrdCwn2TrkxMYE9lO7mnpnNW5w1pQnv4e6ljOBBDilss66PhSb29WCIQyD7aOx4aoBJ6qzFp3O99y2d3NvdTqpwR45JK8bEGeJwYoETK54U0IxtBRzniEFgFCX8HGolfsdzrpR2KIf/+vFx0e0bGb5LIeUsIWRWRiLvTquMTIfwmpyFHEFBALyWd+AqUtJ4oXRq/k0VmdB3TRn4ZkzwXZxPfSxOSt5AqQizIYrRrLpveLe40yZcYo1AOjs6j87A4FPzAVN8= ppcojo@G9DH1",
            "start": true,
            "startup": "",
            "swap": 1024,
            "tags": "",
            "target_node": "node01",
            "template": false,
            "timeouts": null,
            "tty": 2,
            "unique": false,
            "unprivileged": true,
            "unused": [],
            "vmid": 203
          },
          "sensitive_attributes": [
            [
              {
                "type": "get_attr",
                "value": "password"
              }
            ],
            [
              {
                "type": "get_attr",
                "value": "ssh_public_keys"
              }
            ]
          ],
          "identity_schema_version": 0,
          "private": "eyJlMmJmYjczMC1lY2FhLTExZTYtOGY4OC0zNDM2M2JjN2M0YzAiOnsiY3JlYXRlIjoxMjAwMDAwMDAwMDAwLCJkZWZhdWx0IjoxMjAwMDAwMDAwMDAwLCJkZWxldGUiOjEyMDAwMDAwMDAwMDAsInJlYWQiOjEyMDAwMDAwMDAwMDAsInVwZGF0ZSI6MTIwMDAwMDAwMDAwMH19"
        }
      ]
    },
    {
      "mode": "managed",
      "type": "proxmox_lxc",
      "name": "mx1",
      "provider": "provider[\"registry.terraform.io/telmate/proxmox\"]",
      "instances": [
        {
          "schema_version": 0,
          "attributes": {
            "arch": "amd64",
            "bwlimit": 0,
            "clone": null,
            "clone_storage": null,
            "cmode": "tty",
            "console": true,
            "cores": 1,
            "cpulimit": 0,
            "cpuunits": 1024,
            "current_node": "node01",
            "description": "",
            "features": [
              {
                "fuse": false,
                "keyctl": false,
                "mknod": false,
                "mount": "",
                "nesting": true
              }
            ],
            "force": false,
            "full": null,
            "hagroup": "",
            "hastate": "",
            "hookscript": "",
            "hostname": "mx1",
            "id": "node01/lxc/312",
            "ignore_unpack_errors": false,
            "lock": "",
            "memory": 1024,
            "mountpoint": [],
            "nameserver": "192.168.40.10",
            "network": [
              {
                "bridge": "vmbr0",
                "firewall": true,
                "gw": "192.168.40.1",
                "gw6": "",
                "hwaddr": "BC:24:11:72:9F:BA",
                "id": 0,
                "ip": "192.168.40.12/24",
                "ip6": "",
                "mtu": 0,
                "name": "eth0",
                "rate": 0,
                "tag": 0,
                "trunks": "",
                "type": "veth"
              }
            ],
            "onboot": true,
            "ostemplate": "local:vztmpl/debian-13-standard_13.1-2_amd64.tar.zst",
            "ostype": "debian",
            "password": null,
            "pool": null,
            "protection": false,
            "restore": false,
            "rootfs": [
              {
                "acl": false,
                "quota": false,
                "replicate": false,
                "ro": false,
                "shared": false,
                "size": "5G",
                "storage": "local-lvm",
                "volume": "local-lvm:vm-312-disk-0"
              }
            ],
            "searchdomain": "dpvhab.cu",
            "ssh_public_keys": "ssh-rsa AAAAB3NzaC1yc2EAAAADAQABAAABgQCm97/EI/9tcNeVs3acOJTHpQ168QmQnOSJwR2E5ObhszS/aPEcbWEtHP8J5Hs3eTEZhiYBWMlb8+DWv3s4jR0KVb/Hxqvn0gf4oG4o+MYL+Tn3Cmc1FEk86qjJ3DDvu4JD2JdV9RuvPNGVQmRXDtRP6ALq/cAeD3BANm7Liv3/98u2aLK/5CTsW43kEKb/s3JfiumOIhXXCX8el2mdlaWlMOPRKKHU867gHBBKPx5WDzA/NQN765t6/RnoxrdCwn2TrkxMYE9lO7mnpnNW5w1pQnv4e6ljOBBDilss66PhSb29WCIQyD7aOx4aoBJ6qzFp3O99y2d3NvdTqpwR45JK8bEGeJwYoETK54U0IxtBRzniEFgFCX8HGolfsdzrpR2KIf/+vFx0e0bGb5LIeUsIWRWRiLvTquMTIfwmpyFHEFBALyWd+AqUtJ4oXRq/k0VmdB3TRn4ZkzwXZxPfSxOSt5AqQizIYrRrLpveLe40yZcYo1AOjs6j87A4FPzAVN8= ppcojo@G9DH1",
            "start": true,
            "startup": "",
            "swap": 1024,
            "tags": "",
            "target_node": "node01",
            "template": false,
            "timeouts": null,
            "tty": 2,
            "unique": false,
            "unprivileged": true,
            "unused": [],
            "vmid": 312
          },
          "sensitive_attributes": [
            [
              {
                "type": "get_attr",
                "value": "password"
              }
            ],
            [
              {
                "type": "get_attr",
                "value": "ssh_public_keys"
              }
            ]
          ],
          "identity_schema_version": 0,
          "private": "eyJlMmJmYjczMC1lY2FhLTExZTYtOGY4OC0zNDM2M2JjN2M0YzAiOnsiY3JlYXRlIjoxMjAwMDAwMDAwMDAwLCJkZWZhdWx0IjoxMjAwMDAwMDAwMDAwLCJkZWxldGUiOjEyMDAwMDAwMDAwMDAsInJlYWQiOjEyMDAwMDAwMDAwMDAsInVwZGF0ZSI6MTIwMDAwMDAwMDAwMH19"
        }
      ]
    },
    {
      "mode": "managed",
      "type": "proxmox_lxc",
      "name": "ns1",
      "provider": "provider[\"registry.terraform.io/telmate/proxmox\"]",
      "instances": [
        {
          "schema_version": 0,
          "attributes": {
            "arch": "amd64",
            "bwlimit": 0,
            "clone": null,
            "clone_storage": null,
            "cmode": "tty",
            "console": true,
            "cores": 1,
            "cpulimit": 0,
            "cpuunits": 1024,
            "current_node": "node01",
            "description": "",
            "features": [
              {
                "fuse": false,
                "keyctl": false,
                "mknod": false,
                "mount": "",
                "nesting": true
              }
            ],
            "force": false,
            "full": null,
            "hagroup": "",
            "hastate": "",
            "hookscript": "",
            "hostname": "ns1",
            "id": "node01/lxc/310",
            "ignore_unpack_errors": false,
            "lock": "",
            "memory": 1024,
            "mountpoint": [],
            "nameserver": "192.168.40.10",
            "network": [
              {
                "bridge": "vmbr0",
                "firewall": true,
                "gw": "192.168.40.1",
                "gw6": "",
                "hwaddr": "BC:24:11:84:CC:50",
                "id": 0,
                "ip": "192.168.40.10/24",
                "ip6": "",
                "mtu": 0,
                "name": "eth0",
                "rate": 0,
                "tag": 0,
                "trunks": "",
                "type": "veth"
              }
            ],
            "onboot": true,
            "ostemplate": "local:vztmpl/debian-13-standard_13.1-2_amd64.tar.zst",
            "ostype": "debian",
            "password": null,
            "pool": null,
            "protection": false,
            "restore": false,
            "rootfs": [
              {
                "acl": false,
                "quota": false,
                "replicate": false,
                "ro": false,
                "shared": false,
                "size": "5G",
                "storage": "local-lvm",
                "volume": "local-lvm:vm-310-disk-0"
              }
            ],
            "searchdomain": "dpvhab.cu",
            "ssh_public_keys": "ssh-rsa AAAAB3NzaC1yc2EAAAADAQABAAABgQCm97/EI/9tcNeVs3acOJTHpQ168QmQnOSJwR2E5ObhszS/aPEcbWEtHP8J5Hs3eTEZhiYBWMlb8+DWv3s4jR0KVb/Hxqvn0gf4oG4o+MYL+Tn3Cmc1FEk86qjJ3DDvu4JD2JdV9RuvPNGVQmRXDtRP6ALq/cAeD3BANm7Liv3/98u2aLK/5CTsW43kEKb/s3JfiumOIhXXCX8el2mdlaWlMOPRKKHU867gHBBKPx5WDzA/NQN765t6/RnoxrdCwn2TrkxMYE9lO7mnpnNW5w1pQnv4e6ljOBBDilss66PhSb29WCIQyD7aOx4aoBJ6qzFp3O99y2d3NvdTqpwR45JK8bEGeJwYoETK54U0IxtBRzniEFgFCX8HGolfsdzrpR2KIf/+vFx0e0bGb5LIeUsIWRWRiLvTquMTIfwmpyFHEFBALyWd+AqUtJ4oXRq/k0VmdB3TRn4ZkzwXZxPfSxOSt5AqQizIYrRrLpveLe40yZcYo1AOjs6j87A4FPzAVN8= ppcojo@G9DH1",
            "start": true,
            "startup": "",
            "swap": 1024,
            "tags": "",
            "target_node": "node01",
            "template": false,
            "timeouts": null,
            "tty": 2,
            "unique": false,
            "unprivileged": true,
            "unused": [],
            "vmid": 310
          },
          "sensitive_attributes": [
            [
              {
                "type": "get_attr",
                "value": "password"
              }
            ],
            [
              {
                "type": "get_attr",
                "value": "ssh_public_keys"
              }
            ]
          ],
          "identity_schema_version": 0,
          "private": "eyJlMmJmYjczMC1lY2FhLTExZTYtOGY4OC0zNDM2M2JjN2M0YzAiOnsiY3JlYXRlIjoxMjAwMDAwMDAwMDAwLCJkZWZhdWx0IjoxMjAwMDAwMDAwMDAwLCJkZWxldGUiOjEyMDAwMDAwMDAwMDAsInJlYWQiOjEyMDAwMDAwMDAwMDAsInVwZGF0ZSI6MTIwMDAwMDAwMDAwMH19"
        }
      ]
    },
    {
      "mode": "managed",
      "type": "proxmox_lxc",
      "name": "px1",
      "provider": "provider[\"registry.terraform.io/telmate/proxmox\"]",
      "instances": [
        {
          "schema_version": 0,
          "attributes": {
            "arch": "amd64",
            "bwlimit": 0,
            "clone": null,
            "clone_storage": null,
            "cmode": "tty",
            "console": true,
            "cores": 1,
            "cpulimit": 0,
            "cpuunits": 1024,
            "current_node": "node01",
            "description": "",
            "features": [
              {
                "fuse": false,
                "keyctl": false,
                "mknod": false,
                "mount": "",
                "nesting": true
              }
            ],
            "force": false,
            "full": null,
            "hagroup": "",
            "hastate": "",
            "hookscript": "",
            "hostname": "px1",
            "id": "node01/lxc/314",
            "ignore_unpack_errors": false,
            "lock": "",
            "memory": 1024,
            "mountpoint": [],
            "nameserver": "192.168.40.10",
            "network": [
              {
                "bridge": "vmbr0",
                "firewall": true,
                "gw": "192.168.40.1",
                "gw6": "",
                "hwaddr": "BC:24:11:4A:AB:A6",
                "id": 0,
                "ip": "192.168.40.30/24",
                "ip6": "",
                "mtu": 0,
                "name": "eth0",
                "rate": 0,
                "tag": 0,
                "trunks": "",
                "type": "veth"
              },
              {
                "bridge": "vmbr2",
                "firewall": true,
                "gw": "",
                "gw6": "",
                "hwaddr": "BC:24:11:6C:B1:42",
                "id": 1,
                "ip": "10.16.50.20/17",
                "ip6": "",
                "mtu": 0,
                "name": "eth1",
                "rate": 0,
                "tag": 0,
                "trunks": "",
                "type": "veth"
              }
            ],
            "onboot": true,
            "ostemplate": "local:vztmpl/debian-13-standard_13.1-2_amd64.tar.zst",
            "ostype": "debian",
            "password": null,
            "pool": null,
            "protection": false,
            "restore": false,
            "rootfs": [
              {
                "acl": false,
                "quota": false,
                "replicate": false,
                "ro": false,
                "shared": false,
                "size": "5G",
                "storage": "local-lvm",
                "volume": "local-lvm:vm-314-disk-0"
              }
            ],
            "searchdomain": "dpvhab.cu",
            "ssh_public_keys": "ssh-rsa AAAAB3NzaC1yc2EAAAADAQABAAABgQCm97/EI/9tcNeVs3acOJTHpQ168QmQnOSJwR2E5ObhszS/aPEcbWEtHP8J5Hs3eTEZhiYBWMlb8+DWv3s4jR0KVb/Hxqvn0gf4oG4o+MYL+Tn3Cmc1FEk86qjJ3DDvu4JD2JdV9RuvPNGVQmRXDtRP6ALq/cAeD3BANm7Liv3/98u2aLK/5CTsW43kEKb/s3JfiumOIhXXCX8el2mdlaWlMOPRKKHU867gHBBKPx5WDzA/NQN765t6/RnoxrdCwn2TrkxMYE9lO7mnpnNW5w1pQnv4e6ljOBBDilss66PhSb29WCIQyD7aOx4aoBJ6qzFp3O99y2d3NvdTqpwR45JK8bEGeJwYoETK54U0IxtBRzniEFgFCX8HGolfsdzrpR2KIf/+vFx0e0bGb5LIeUsIWRWRiLvTquMTIfwmpyFHEFBALyWd+AqUtJ4oXRq/k0VmdB3TRn4ZkzwXZxPfSxOSt5AqQizIYrRrLpveLe40yZcYo1AOjs6j87A4FPzAVN8= ppcojo@G9DH1",
            "start": true,
            "startup": "",
            "swap": 1024,
            "tags": "",
            "target_node": "node01",
            "template": false,
            "timeouts": null,
            "tty": 2,
            "unique": false,
            "unprivileged": true,
            "unused": [],
            "vmid": 314
          },
          "sensitive_attributes": [
            [
              {
                "type": "get_attr",
                "value": "password"
              }
            ],
            [
              {
                "type": "get_attr",
                "value": "ssh_public_keys"
              }
            ]
          ],
          "identity_schema_version": 0,
          "private": "eyJlMmJmYjczMC1lY2FhLTExZTYtOGY4OC0zNDM2M2JjN2M0YzAiOnsiY3JlYXRlIjoxMjAwMDAwMDAwMDAwLCJkZWZhdWx0IjoxMjAwMDAwMDAwMDAwLCJkZWxldGUiOjEyMDAwMDAwMDAwMDAsInJlYWQiOjEyMDAwMDAwMDAwMDAsInVwZGF0ZSI6MTIwMDAwMDAwMDAwMH19"
        }
      ]
    },
    {
      "mode": "managed",
      "type": "proxmox_lxc",
      "name": "r1",
      "provider": "provider[\"registry.terraform.io/telmate/proxmox\"]",
      "instances": [
        {
          "schema_version": 0,
          "attributes": {
            "arch": "amd64",
            "bwlimit": 0,
            "clone": null,
            "clone_storage": null,
            "cmode": "tty",
            "console": true,
            "cores": 1,
            "cpulimit": 0,
            "cpuunits": 1024,
            "current_node": "node01",
            "description": "",
            "features": [
              {
                "fuse": false,
                "keyctl": false,
                "mknod": false,
                "mount": "",
                "nesting": true
              }
            ],
            "force": false,
            "full": null,
            "hagroup": "",
            "hastate": "",
            "hookscript": "",
            "hostname": "r1",
            "id": "node01/lxc/101",
            "ignore_unpack_errors": false,
            "lock": "",
            "memory": 1024,
            "mountpoint": [],
            "nameserver": "172.32.16.20",
            "network": [
              {
                "bridge": "vmbr5",
                "firewall": true,
                "gw": "172.32.16.20",
                "gw6": "",
                "hwaddr": "BC:24:11:A1:DE:40",
                "id": 0,
                "ip": "172.32.16.1/24",
                "ip6": "",
                "mtu": 0,
                "name": "eth0",
                "rate": 0,
                "tag": 0,
                "trunks": "",
                "type": "veth"
              },
              {
                "bridge": "vmbr1",
                "firewall": true,
                "gw": "",
                "gw6": "",
                "hwaddr": "BC:24:11:11:96:FA",
                "id": 1,
                "ip": "192.168.26.2/30",
                "ip6": "",
                "mtu": 0,
                "name": "eth1",
                "rate": 0,
                "tag": 1000,
                "trunks": "",
                "type": "veth"
              }
            ],
            "onboot": true,
            "ostemplate": "local:vztmpl/debian-13-standard_13.1-2_amd64.tar.zst",
            "ostype": "debian",
            "password": null,
            "pool": null,
            "protection": false,
            "restore": false,
            "rootfs": [
              {
                "acl": false,
                "quota": false,
                "replicate": false,
                "ro": false,
                "shared": false,
                "size": "5G",
                "storage": "local-lvm",
                "volume": "local-lvm:vm-101-disk-0"
              }
            ],
            "searchdomain": "dpvhab.cu",
            "ssh_public_keys": "ssh-rsa AAAAB3NzaC1yc2EAAAADAQABAAABgQCm97/EI/9tcNeVs3acOJTHpQ168QmQnOSJwR2E5ObhszS/aPEcbWEtHP8J5Hs3eTEZhiYBWMlb8+DWv3s4jR0KVb/Hxqvn0gf4oG4o+MYL+Tn3Cmc1FEk86qjJ3DDvu4JD2JdV9RuvPNGVQmRXDtRP6ALq/cAeD3BANm7Liv3/98u2aLK/5CTsW43kEKb/s3JfiumOIhXXCX8el2mdlaWlMOPRKKHU867gHBBKPx5WDzA/NQN765t6/RnoxrdCwn2TrkxMYE9lO7mnpnNW5w1pQnv4e6ljOBBDilss66PhSb29WCIQyD7aOx4aoBJ6qzFp3O99y2d3NvdTqpwR45JK8bEGeJwYoETK54U0IxtBRzniEFgFCX8HGolfsdzrpR2KIf/+vFx0e0bGb5LIeUsIWRWRiLvTquMTIfwmpyFHEFBALyWd+AqUtJ4oXRq/k0VmdB3TRn4ZkzwXZxPfSxOSt5AqQizIYrRrLpveLe40yZcYo1AOjs6j87A4FPzAVN8= ppcojo@G9DH1",
            "start": true,
            "startup": "",
            "swap": 1024,
            "tags": "",
            "target_node": "node01",
            "template": false,
            "timeouts": null,
            "tty": 2,
            "unique": false,
            "unprivileged": true,
            "unused": [],
            "vmid": 101
          },
          "sensitive_attributes": [
            [
              {
                "type": "get_attr",
                "value": "password"
              }
            ],
            [
              {
                "type": "get_attr",
                "value": "ssh_public_keys"
              }
            ]
          ],
          "identity_schema_version": 0,
          "private": "eyJlMmJmYjczMC1lY2FhLTExZTYtOGY4OC0zNDM2M2JjN2M0YzAiOnsiY3JlYXRlIjoxMjAwMDAwMDAwMDAwLCJkZWZhdWx0IjoxMjAwMDAwMDAwMDAwLCJkZWxldGUiOjEyMDAwMDAwMDAwMDAsInJlYWQiOjEyMDAwMDAwMDAwMDAsInVwZGF0ZSI6MTIwMDAwMDAwMDAwMH19"
        }
      ]
    },
    {
      "mode": "managed",
      "type": "proxmox_lxc",
      "name": "r2",
      "provider": "provider[\"registry.terraform.io/telmate/proxmox\"]",
      "instances": [
        {
          "schema_version": 0,
          "attributes": {
            "arch": "amd64",
            "bwlimit": 0,
            "clone": null,
            "clone_storage": null,
            "cmode": "tty",
            "console": true,
            "cores": 1,
            "cpulimit": 0,
            "cpuunits": 1024,
            "current_node": "node01",
            "description": "",
            "features": [
              {
                "fuse": false,
                "keyctl": false,
                "mknod": false,
                "mount": "",
                "nesting": true
              }
            ],
            "force": false,
            "full": null,
            "hagroup": "",
            "hastate": "",
            "hookscript": "",
            "hostname": "r2",
            "id": "node01/lxc/102",
            "ignore_unpack_errors": false,
            "lock": "",
            "memory": 1024,
            "mountpoint": [],
            "nameserver": "190.6.78.50",
            "network": [
              {
                "bridge": "vmbr1",
                "firewall": true,
                "gw": "192.168.245.165",
                "gw6": "",
                "hwaddr": "BC:24:11:3B:49:7D",
                "id": 0,
                "ip": "192.168.245.166/30",
                "ip6": "",
                "mtu": 0,
                "name": "eth0",
                "rate": 0,
                "tag": 1001,
                "trunks": "",
                "type": "veth"
              },
              {
                "bridge": "vmbr4",
                "firewall": true,
                "gw": "",
                "gw6": "",
                "hwaddr": "BC:24:11:46:B1:A2",
                "id": 1,
                "ip": "190.6.78.49/29",
                "ip6": "",
                "mtu": 0,
                "name": "eth1",
                "rate": 0,
                "tag": 0,
                "trunks": "",
                "type": "veth"
              }
            ],
            "onboot": true,
            "ostemplate": "local:vztmpl/debian-13-standard_13.1-2_amd64.tar.zst",
            "ostype": "debian",
            "password": null,
            "pool": null,
            "protection": false,
            "restore": false,
            "rootfs": [
              {
                "acl": false,
                "quota": false,
                "replicate": false,
                "ro": false,
                "shared": false,
                "size": "5G",
                "storage": "local-lvm",
                "volume": "local-lvm:vm-102-disk-0"
              }
            ],
            "searchdomain": "dpvhab.cu",
            "ssh_public_keys": "ssh-rsa AAAAB3NzaC1yc2EAAAADAQABAAABgQCm97/EI/9tcNeVs3acOJTHpQ168QmQnOSJwR2E5ObhszS/aPEcbWEtHP8J5Hs3eTEZhiYBWMlb8+DWv3s4jR0KVb/Hxqvn0gf4oG4o+MYL+Tn3Cmc1FEk86qjJ3DDvu4JD2JdV9RuvPNGVQmRXDtRP6ALq/cAeD3BANm7Liv3/98u2aLK/5CTsW43kEKb/s3JfiumOIhXXCX8el2mdlaWlMOPRKKHU867gHBBKPx5WDzA/NQN765t6/RnoxrdCwn2TrkxMYE9lO7mnpnNW5w1pQnv4e6ljOBBDilss66PhSb29WCIQyD7aOx4aoBJ6qzFp3O99y2d3NvdTqpwR45JK8bEGeJwYoETK54U0IxtBRzniEFgFCX8HGolfsdzrpR2KIf/+vFx0e0bGb5LIeUsIWRWRiLvTquMTIfwmpyFHEFBALyWd+AqUtJ4oXRq/k0VmdB3TRn4ZkzwXZxPfSxOSt5AqQizIYrRrLpveLe40yZcYo1AOjs6j87A4FPzAVN8= ppcojo@G9DH1",
            "start": true,
            "startup": "",
            "swap": 1024,
            "tags": "",
            "target_node": "node01",
            "template": false,
            "timeouts": null,
            "tty": 2,
            "unique": false,
            "unprivileged": true,
            "unused": [],
            "vmid": 102
          },
          "sensitive_attributes": [
            [
              {
                "type": "get_attr",
                "value": "password"
              }
            ],
            [
              {
                "type": "get_attr",
                "value": "ssh_public_keys"
              }
            ]
          ],
          "identity_schema_version": 0,
          "private": "eyJlMmJmYjczMC1lY2FhLTExZTYtOGY4OC0zNDM2M2JjN2M0YzAiOnsiY3JlYXRlIjoxMjAwMDAwMDAwMDAwLCJkZWZhdWx0IjoxMjAwMDAwMDAwMDAwLCJkZWxldGUiOjEyMDAwMDAwMDAwMDAsInJlYWQiOjEyMDAwMDAwMDAwMDAsInVwZGF0ZSI6MTIwMDAwMDAwMDAwMH19"
        }
      ]
    },
    {
      "mode": "managed",
      "type": "proxmox_lxc",
      "name": "r3",
      "provider": "provider[\"registry.terraform.io/telmate/proxmox\"]",
      "instances": [
        {
          "schema_version": 0,
          "attributes": {
            "arch": "amd64",
            "bwlimit": 0,
            "clone": null,
            "clone_storage": null,
            "cmode": "tty",
            "console": true,
            "cores": 1,
            "cpulimit": 0,
            "cpuunits": 1024,
            "current_node": "node01",
            "description": "",
            "features": [
              {
                "fuse": false,
                "keyctl": false,
                "mknod": false,
                "mount": "",
                "nesting": true
              }
            ],
            "force": false,
            "full": null,
            "hagroup": "",
            "hastate": "",
            "hookscript": "",
            "hostname": "r3",
            "id": "node01/lxc/103",
            "ignore_unpack_errors": false,
            "lock": "",
            "memory": 1024,
            "mountpoint": [],
            "nameserver": "190.6.67.2",
            "network": [
              {
                "bridge": "vmbr1",
                "firewall": true,
                "gw": "192.168.180.213",
                "gw6": "",
                "hwaddr": "BC:24:11:F0:7F:84",
                "id": 0,
                "ip": "192.168.180.214/30",
                "ip6": "",
                "mtu": 0,
                "name": "eth0",
                "rate": 0,
                "tag": 1002,
                "trunks": "",
                "type": "veth"
              },
              {
                "bridge": "vmbr3",
                "firewall": true,
                "gw": "",
                "gw6": "",
                "hwaddr": "BC:24:11:B9:1E:B9",
                "id": 1,
                "ip": "190.6.67.1/29",
                "ip6": "",
                "mtu": 0,
                "name": "eth1",
                "rate": 0,
                "tag": 0,
                "trunks": "",
                "type": "veth"
              }
            ],
            "onboot": true,
            "ostemplate": "local:vztmpl/debian-13-standard_13.1-2_amd64.tar.zst",
            "ostype": "debian",
            "password": null,
            "pool": null,
            "protection": false,
            "restore": false,
            "rootfs": [
              {
                "acl": false,
                "quota": false,
                "replicate": false,
                "ro": false,
                "shared": false,
                "size": "5G",
                "storage": "local-lvm",
                "volume": "local-lvm:vm-103-disk-0"
              }
            ],
            "searchdomain": "dpvhab.cu",
            "ssh_public_keys": "ssh-rsa AAAAB3NzaC1yc2EAAAADAQABAAABgQCm97/EI/9tcNeVs3acOJTHpQ168QmQnOSJwR2E5ObhszS/aPEcbWEtHP8J5Hs3eTEZhiYBWMlb8+DWv3s4jR0KVb/Hxqvn0gf4oG4o+MYL+Tn3Cmc1FEk86qjJ3DDvu4JD2JdV9RuvPNGVQmRXDtRP6ALq/cAeD3BANm7Liv3/98u2aLK/5CTsW43kEKb/s3JfiumOIhXXCX8el2mdlaWlMOPRKKHU867gHBBKPx5WDzA/NQN765t6/RnoxrdCwn2TrkxMYE9lO7mnpnNW5w1pQnv4e6ljOBBDilss66PhSb29WCIQyD7aOx4aoBJ6qzFp3O99y2d3NvdTqpwR45JK8bEGeJwYoETK54U0IxtBRzniEFgFCX8HGolfsdzrpR2KIf/+vFx0e0bGb5LIeUsIWRWRiLvTquMTIfwmpyFHEFBALyWd+AqUtJ4oXRq/k0VmdB3TRn4ZkzwXZxPfSxOSt5AqQizIYrRrLpveLe40yZcYo1AOjs6j87A4FPzAVN8= ppcojo@G9DH1",
            "start": true,
            "startup": "",
            "swap": 1024,
            "tags": "",
            "target_node": "node01",
            "template": false,
            "timeouts": null,
            "tty": 2,
            "unique": false,
            "unprivileged": true,
            "unused": [],
            "vmid": 103
          },
          "sensitive_attributes": [
            [
              {
                "type": "get_attr",
                "value": "password"
              }
            ],
            [
              {
                "type": "get_attr",
                "value": "ssh_public_keys"
              }
            ]
          ],
          "identity_schema_version": 0,
          "private": "eyJlMmJmYjczMC1lY2FhLTExZTYtOGY4OC0zNDM2M2JjN2M0YzAiOnsiY3JlYXRlIjoxMjAwMDAwMDAwMDAwLCJkZWZhdWx0IjoxMjAwMDAwMDAwMDAwLCJkZWxldGUiOjEyMDAwMDAwMDAwMDAsInJlYWQiOjEyMDAwMDAwMDAwMDAsInVwZGF0ZSI6MTIwMDAwMDAwMDAwMH19"
        }
      ]
    },
    {
      "mode": "managed",
      "type": "proxmox_lxc",
      "name": "repo",
      "provider": "provider[\"registry.terraform.io/telmate/proxmox\"]",
      "instances": [
        {
          "schema_version": 0,
          "attributes": {
            "arch": "amd64",
            "bwlimit": 0,
            "clone": null,
            "clone_storage": null,
            "cmode": "tty",
            "console": true,
            "cores": 1,
            "cpulimit": 0,
            "cpuunits": 1024,
            "current_node": "node01",
            "description": "",
            "features": [
              {
                "fuse": false,
                "keyctl": false,
                "mknod": false,
                "mount": "",
                "nesting": true
              }
            ],
            "force": false,
            "full": null,
            "hagroup": "",
            "hastate": "",
            "hookscript": "",
            "hostname": "repo",
            "id": "node01/lxc/316",
            "ignore_unpack_errors": false,
            "lock": "",
            "memory": 1024,
            "mountpoint": [],
            "nameserver": "192.168.40.10",
            "network": [
              {
                "bridge": "vmbr0",
                "firewall": true,
                "gw": "192.168.40.1",
                "gw6": "",
                "hwaddr": "BC:24:11:A0:B6:5A",
                "id": 0,
                "ip": "192.168.40.16/24",
                "ip6": "",
                "mtu": 0,
                "name": "eth0",
                "rate": 0,
                "tag": 0,
                "trunks": "",
                "type": "veth"
              }
            ],
            "onboot": true,
            "ostemplate": "local:vztmpl/debian-13-standard_13.1-2_amd64.tar.zst",
            "ostype": "debian",
            "password": null,
            "pool": null,
            "protection": false,
            "restore": false,
            "rootfs": [
              {
                "acl": false,
                "quota": false,
                "replicate": false,
                "ro": false,
                "shared": false,
                "size": "180G",
                "storage": "local-lvm",
                "volume": "local-lvm:vm-316-disk-0"
              }
            ],
            "searchdomain": "dpvhab.cu",
            "ssh_public_keys": "ssh-rsa AAAAB3NzaC1yc2EAAAADAQABAAABgQCm97/EI/9tcNeVs3acOJTHpQ168QmQnOSJwR2E5ObhszS/aPEcbWEtHP8J5Hs3eTEZhiYBWMlb8+DWv3s4jR0KVb/Hxqvn0gf4oG4o+MYL+Tn3Cmc1FEk86qjJ3DDvu4JD2JdV9RuvPNGVQmRXDtRP6ALq/cAeD3BANm7Liv3/98u2aLK/5CTsW43kEKb/s3JfiumOIhXXCX8el2mdlaWlMOPRKKHU867gHBBKPx5WDzA/NQN765t6/RnoxrdCwn2TrkxMYE9lO7mnpnNW5w1pQnv4e6ljOBBDilss66PhSb29WCIQyD7aOx4aoBJ6qzFp3O99y2d3NvdTqpwR45JK8bEGeJwYoETK54U0IxtBRzniEFgFCX8HGolfsdzrpR2KIf/+vFx0e0bGb5LIeUsIWRWRiLvTquMTIfwmpyFHEFBALyWd+AqUtJ4oXRq/k0VmdB3TRn4ZkzwXZxPfSxOSt5AqQizIYrRrLpveLe40yZcYo1AOjs6j87A4FPzAVN8= ppcojo@G9DH1",
            "start": true,
            "startup": "",
            "swap": 1024,
            "tags": "",
            "target_node": "node01",
            "template": false,
            "timeouts": null,
            "tty": 2,
            "unique": false,
            "unprivileged": true,
            "unused": [],
            "vmid": 316
          },
          "sensitive_attributes": [
            [
              {
                "type": "get_attr",
                "value": "password"
              }
            ],
            [
              {
                "type": "get_attr",
                "value": "ssh_public_keys"
              }
            ]
          ],
          "identity_schema_version": 0,
          "private": "eyJlMmJmYjczMC1lY2FhLTExZTYtOGY4OC0zNDM2M2JjN2M0YzAiOnsiY3JlYXRlIjoxMjAwMDAwMDAwMDAwLCJkZWZhdWx0IjoxMjAwMDAwMDAwMDAwLCJkZWxldGUiOjEyMDAwMDAwMDAwMDAsInJlYWQiOjEyMDAwMDAwMDAwMDAsInVwZGF0ZSI6MTIwMDAwMDAwMDAwMH19"
        }
      ]
    }
  ],
  "check_results": null
}
