{
  "version": 4,
  "terraform_version": "1.12.2",
  "serial": 1,
  "lineage": "29b5df4a-9746-8dae-2265-a9370f52bb5c",
  "outputs": {},
  "resources": [
    {
      "mode": "managed",
      "type": "proxmox_lxc",
      "name": "adm",
      "provider": "provider[\"registry.terraform.io/telmate/proxmox\"]",
      "instances": [
        {
          "schema_version": 0,
          "attributes": {
            "arch": "amd64",
            "bwlimit": 0,
            "clone": null,
            "clone_storage": null,
            "cmode": "tty",
            "console": true,
            "cores": 1,
            "cpulimit": 0,
            "cpuunits": 1024,
            "current_node": "nodo00",
            "description": "",
            "features": [
              {
                "fuse": false,
                "keyctl": false,
                "mknod": false,
                "mount": "",
                "nesting": true
              }
            ],
            "force": false,
            "full": null,
            "hagroup": "",
            "hastate": "",
            "hookscript": "",
            "hostname": "adm",
            "id": "nodo00/lxc/285",
            "ignore_unpack_errors": false,
            "lock": "",
            "memory": 1024,
            "mountpoint": [],
            "nameserver": "172.30.1.20",
            "network": [
              {
                "bridge": "vmbr0",
                "firewall": true,
                "gw": "172.30.0.5",
                "gw6": "",
                "hwaddr": "BC:24:11:C2:60:CC",
                "id": 0,
                "ip": "172.30.0.28/26",
                "ip6": "",
                "mtu": 0,
                "name": "eth0",
                "rate": 0,
                "tag": 0,
                "trunks": "",
                "type": "veth"
              },
              {
                "bridge": "vmbr2",
                "firewall": true,
                "gw": "",
                "gw6": "",
                "hwaddr": "BC:24:11:F5:A4:F1",
                "id": 1,
                "ip": "172.30.1.199/24",
                "ip6": "",
                "mtu": 0,
                "name": "eth1",
                "rate": 0,
                "tag": 0,
                "trunks": "",
                "type": "veth"
              }
            ],
            "onboot": true,
            "ostemplate": "local:vztmpl/debian-13-standard_13.1-2_amd64.tar.zst",
            "ostype": "debian",
            "password": null,
            "pool": null,
            "protection": false,
            "restore": false,
            "rootfs": [
              {
                "acl": false,
                "quota": false,
                "replicate": false,
                "ro": false,
                "shared": false,
                "size": "5G",
                "storage": "mitrans-zfs",
                "volume": "mitrans-zfs:subvol-285-disk-0"
              }
            ],
            "searchdomain": "nc.mitrans.gob.cu",
            "ssh_public_keys": "ssh-rsa AAAAB3NzaC1yc2EAAAADAQABAAABgQCm97/EI/9tcNeVs3acOJTHpQ168QmQnOSJwR2E5ObhszS/aPEcbWEtHP8J5Hs3eTEZhiYBWMlb8+DWv3s4jR0KVb/Hxqvn0gf4oG4o+MYL+Tn3Cmc1FEk86qjJ3DDvu4JD2JdV9RuvPNGVQmRXDtRP6ALq/cAeD3BANm7Liv3/98u2aLK/5CTsW43kEKb/s3JfiumOIhXXCX8el2mdlaWlMOPRKKHU867gHBBKPx5WDzA/NQN765t6/RnoxrdCwn2TrkxMYE9lO7mnpnNW5w1pQnv4e6ljOBBDilss66PhSb29WCIQyD7aOx4aoBJ6qzFp3O99y2d3NvdTqpwR45JK8bEGeJwYoETK54U0IxtBRzniEFgFCX8HGolfsdzrpR2KIf/+vFx0e0bGb5LIeUsIWRWRiLvTquMTIfwmpyFHEFBALyWd+AqUtJ4oXRq/k0VmdB3TRn4ZkzwXZxPfSxOSt5AqQizIYrRrLpveLe40yZcYo1AOjs6j87A4FPzAVN8= ppcojo@G9DH1",
            "start": true,
            "startup": "",
            "swap": 1024,
            "tags": "",
            "target_node": "nodo00",
            "template": false,
            "timeouts": null,
            "tty": 2,
            "unique": false,
            "unprivileged": true,
            "unused": [],
            "vmid": 285
          },
          "sensitive_attributes": [
            [
              {
                "type": "get_attr",
                "value": "password"
              }
            ],
            [
              {
                "type": "get_attr",
                "value": "ssh_public_keys"
              }
            ]
          ],
          "identity_schema_version": 0,
          "private": "eyJlMmJmYjczMC1lY2FhLTExZTYtOGY4OC0zNDM2M2JjN2M0YzAiOnsiY3JlYXRlIjoxMjAwMDAwMDAwMDAwLCJkZWZhdWx0IjoxMjAwMDAwMDAwMDAwLCJkZWxldGUiOjEyMDAwMDAwMDAwMDAsInJlYWQiOjEyMDAwMDAwMDAwMDAsInVwZGF0ZSI6MTIwMDAwMDAwMDAwMH19"
        }
      ]
    }
  ],
  "check_results": null
}
